// !$*UTF8*$!
{
	archiveVersion = 1;
	classes = {
	};
	objectVersion = 46;
	objects = {

/* Begin PBXBuildFile section */
		63BD301315B136F2009A24AB /* QuartzCore.framework in Frameworks */ = {isa = PBXBuildFile; fileRef = 63BD301215B136F2009A24AB /* QuartzCore.framework */; };
		63BD301515B136F2009A24AB /* OpenGLES.framework in Frameworks */ = {isa = PBXBuildFile; fileRef = 63BD301415B136F2009A24AB /* OpenGLES.framework */; };
		63BD301715B136F2009A24AB /* OpenAL.framework in Frameworks */ = {isa = PBXBuildFile; fileRef = 63BD301615B136F2009A24AB /* OpenAL.framework */; };
		63BD301915B136F2009A24AB /* AudioToolbox.framework in Frameworks */ = {isa = PBXBuildFile; fileRef = 63BD301815B136F2009A24AB /* AudioToolbox.framework */; };
		63BD301B15B136F2009A24AB /* AVFoundation.framework in Frameworks */ = {isa = PBXBuildFile; fileRef = 63BD301A15B136F2009A24AB /* AVFoundation.framework */; };
		63BD301D15B136F2009A24AB /* UIKit.framework in Frameworks */ = {isa = PBXBuildFile; fileRef = 63BD301C15B136F2009A24AB /* UIKit.framework */; };
		63BD301F15B136F2009A24AB /* Foundation.framework in Frameworks */ = {isa = PBXBuildFile; fileRef = 63BD301E15B136F2009A24AB /* Foundation.framework */; };
		63BD302115B136F2009A24AB /* CoreGraphics.framework in Frameworks */ = {isa = PBXBuildFile; fileRef = 63BD302015B136F2009A24AB /* CoreGraphics.framework */; };
		63BD302515B136F2009A24AB /* Default.png in Resources */ = {isa = PBXBuildFile; fileRef = 63BD302415B136F2009A24AB /* Default.png */; };
		63BD302715B136F2009A24AB /* fps_images.png in Resources */ = {isa = PBXBuildFile; fileRef = 63BD302615B136F2009A24AB /* fps_images.png */; };
		63BD302915B136F2009A24AB /* Icon-72.png in Resources */ = {isa = PBXBuildFile; fileRef = 63BD302815B136F2009A24AB /* Icon-72.png */; };
		63BD302B15B136F2009A24AB /* Icon-Small-50.png in Resources */ = {isa = PBXBuildFile; fileRef = 63BD302A15B136F2009A24AB /* Icon-Small-50.png */; };
		63BD302D15B136F2009A24AB /* Icon-Small.png in Resources */ = {isa = PBXBuildFile; fileRef = 63BD302C15B136F2009A24AB /* Icon-Small.png */; };
		63BD302F15B136F2009A24AB /* Icon-Small@2x.png in Resources */ = {isa = PBXBuildFile; fileRef = 63BD302E15B136F2009A24AB /* Icon-Small@2x.png */; };
		63BD303115B136F2009A24AB /* Icon.png in Resources */ = {isa = PBXBuildFile; fileRef = 63BD303015B136F2009A24AB /* Icon.png */; };
		63BD303315B136F2009A24AB /* Icon@2x.png in Resources */ = {isa = PBXBuildFile; fileRef = 63BD303215B136F2009A24AB /* Icon@2x.png */; };
		63BD303615B136F2009A24AB /* iTunesArtwork in Resources */ = {isa = PBXBuildFile; fileRef = 63BD303515B136F2009A24AB /* iTunesArtwork */; };
		63BD303B15B136F2009A24AB /* CCAction.m in Sources */ = {isa = PBXBuildFile; fileRef = 63BD303A15B136F2009A24AB /* CCAction.m */; };
		63BD303E15B136F2009A24AB /* CCActionCamera.m in Sources */ = {isa = PBXBuildFile; fileRef = 63BD303D15B136F2009A24AB /* CCActionCamera.m */; };
		63BD304115B136F2009A24AB /* CCActionEase.m in Sources */ = {isa = PBXBuildFile; fileRef = 63BD304015B136F2009A24AB /* CCActionEase.m */; };
		63BD304415B136F2009A24AB /* CCActionGrid.m in Sources */ = {isa = PBXBuildFile; fileRef = 63BD304315B136F2009A24AB /* CCActionGrid.m */; };
		63BD304715B136F2009A24AB /* CCActionGrid3D.m in Sources */ = {isa = PBXBuildFile; fileRef = 63BD304615B136F2009A24AB /* CCActionGrid3D.m */; };
		63BD304A15B136F2009A24AB /* CCActionInstant.m in Sources */ = {isa = PBXBuildFile; fileRef = 63BD304915B136F2009A24AB /* CCActionInstant.m */; };
		63BD304D15B136F2009A24AB /* CCActionInterval.m in Sources */ = {isa = PBXBuildFile; fileRef = 63BD304C15B136F2009A24AB /* CCActionInterval.m */; };
		63BD305015B136F2009A24AB /* CCActionManager.m in Sources */ = {isa = PBXBuildFile; fileRef = 63BD304F15B136F2009A24AB /* CCActionManager.m */; };
		63BD305315B136F2009A24AB /* CCActionPageTurn3D.m in Sources */ = {isa = PBXBuildFile; fileRef = 63BD305215B136F2009A24AB /* CCActionPageTurn3D.m */; };
		63BD305615B136F2009A24AB /* CCActionProgressTimer.m in Sources */ = {isa = PBXBuildFile; fileRef = 63BD305515B136F2009A24AB /* CCActionProgressTimer.m */; };
		63BD305915B136F2009A24AB /* CCActionTiledGrid.m in Sources */ = {isa = PBXBuildFile; fileRef = 63BD305815B136F2009A24AB /* CCActionTiledGrid.m */; };
		63BD305C15B136F2009A24AB /* CCActionTween.m in Sources */ = {isa = PBXBuildFile; fileRef = 63BD305B15B136F2009A24AB /* CCActionTween.m */; };
		63BD305F15B136F2009A24AB /* CCAnimation.m in Sources */ = {isa = PBXBuildFile; fileRef = 63BD305E15B136F2009A24AB /* CCAnimation.m */; };
		63BD306215B136F2009A24AB /* CCAnimationCache.m in Sources */ = {isa = PBXBuildFile; fileRef = 63BD306115B136F2009A24AB /* CCAnimationCache.m */; };
		63BD306515B136F2009A24AB /* CCAtlasNode.m in Sources */ = {isa = PBXBuildFile; fileRef = 63BD306415B136F2009A24AB /* CCAtlasNode.m */; };
		63BD306815B136F2009A24AB /* CCBlockSupport.m in Sources */ = {isa = PBXBuildFile; fileRef = 63BD306715B136F2009A24AB /* CCBlockSupport.m */; };
		63BD306B15B136F2009A24AB /* CCCamera.m in Sources */ = {isa = PBXBuildFile; fileRef = 63BD306A15B136F2009A24AB /* CCCamera.m */; };
		63BD306F15B136F2009A24AB /* CCConfiguration.m in Sources */ = {isa = PBXBuildFile; fileRef = 63BD306E15B136F2009A24AB /* CCConfiguration.m */; };
		63BD307215B136F2009A24AB /* CCDirector.m in Sources */ = {isa = PBXBuildFile; fileRef = 63BD307115B136F2009A24AB /* CCDirector.m */; };
		63BD307515B136F2009A24AB /* CCDrawingPrimitives.m in Sources */ = {isa = PBXBuildFile; fileRef = 63BD307415B136F2009A24AB /* CCDrawingPrimitives.m */; };
		63BD307815B136F2009A24AB /* CCGrabber.m in Sources */ = {isa = PBXBuildFile; fileRef = 63BD307715B136F2009A24AB /* CCGrabber.m */; };
		63BD307B15B136F2009A24AB /* CCGrid.m in Sources */ = {isa = PBXBuildFile; fileRef = 63BD307A15B136F2009A24AB /* CCGrid.m */; };
		63BD307E15B136F2009A24AB /* CCLabelAtlas.m in Sources */ = {isa = PBXBuildFile; fileRef = 63BD307D15B136F2009A24AB /* CCLabelAtlas.m */; };
		63BD308115B136F2009A24AB /* CCLabelBMFont.m in Sources */ = {isa = PBXBuildFile; fileRef = 63BD308015B136F2009A24AB /* CCLabelBMFont.m */; };
		63BD308415B136F2009A24AB /* CCLabelTTF.m in Sources */ = {isa = PBXBuildFile; fileRef = 63BD308315B136F2009A24AB /* CCLabelTTF.m */; };
		63BD308715B136F2009A24AB /* CCLayer.m in Sources */ = {isa = PBXBuildFile; fileRef = 63BD308615B136F2009A24AB /* CCLayer.m */; };
		63BD308B15B136F2009A24AB /* CCMenu.m in Sources */ = {isa = PBXBuildFile; fileRef = 63BD308A15B136F2009A24AB /* CCMenu.m */; };
		63BD308E15B136F2009A24AB /* CCMenuItem.m in Sources */ = {isa = PBXBuildFile; fileRef = 63BD308D15B136F2009A24AB /* CCMenuItem.m */; };
		63BD309115B136F2009A24AB /* CCMotionStreak.m in Sources */ = {isa = PBXBuildFile; fileRef = 63BD309015B136F2009A24AB /* CCMotionStreak.m */; };
		63BD309415B136F2009A24AB /* CCNode.m in Sources */ = {isa = PBXBuildFile; fileRef = 63BD309315B136F2009A24AB /* CCNode.m */; };
		63BD309715B136F2009A24AB /* CCParallaxNode.m in Sources */ = {isa = PBXBuildFile; fileRef = 63BD309615B136F2009A24AB /* CCParallaxNode.m */; };
		63BD309A15B136F2009A24AB /* CCParticleExamples.m in Sources */ = {isa = PBXBuildFile; fileRef = 63BD309915B136F2009A24AB /* CCParticleExamples.m */; };
		63BD309D15B136F2009A24AB /* CCParticleSystem.m in Sources */ = {isa = PBXBuildFile; fileRef = 63BD309C15B136F2009A24AB /* CCParticleSystem.m */; };
		63BD30A015B136F2009A24AB /* CCParticleSystemPoint.m in Sources */ = {isa = PBXBuildFile; fileRef = 63BD309F15B136F2009A24AB /* CCParticleSystemPoint.m */; };
		63BD30A315B136F2009A24AB /* CCParticleSystemQuad.m in Sources */ = {isa = PBXBuildFile; fileRef = 63BD30A215B136F2009A24AB /* CCParticleSystemQuad.m */; };
		63BD30A615B136F2009A24AB /* CCProgressTimer.m in Sources */ = {isa = PBXBuildFile; fileRef = 63BD30A515B136F2009A24AB /* CCProgressTimer.m */; };
		63BD30AA15B136F2009A24AB /* CCRenderTexture.m in Sources */ = {isa = PBXBuildFile; fileRef = 63BD30A915B136F2009A24AB /* CCRenderTexture.m */; };
		63BD30AD15B136F2009A24AB /* CCRibbon.m in Sources */ = {isa = PBXBuildFile; fileRef = 63BD30AC15B136F2009A24AB /* CCRibbon.m */; };
		63BD30B015B136F2009A24AB /* CCScene.m in Sources */ = {isa = PBXBuildFile; fileRef = 63BD30AF15B136F2009A24AB /* CCScene.m */; };
		63BD30B315B136F2009A24AB /* CCScheduler.m in Sources */ = {isa = PBXBuildFile; fileRef = 63BD30B215B136F2009A24AB /* CCScheduler.m */; };
		63BD30B615B136F2009A24AB /* CCSprite.m in Sources */ = {isa = PBXBuildFile; fileRef = 63BD30B515B136F2009A24AB /* CCSprite.m */; };
		63BD30B915B136F2009A24AB /* CCSpriteBatchNode.m in Sources */ = {isa = PBXBuildFile; fileRef = 63BD30B815B136F2009A24AB /* CCSpriteBatchNode.m */; };
		63BD30BC15B136F2009A24AB /* CCSpriteFrame.m in Sources */ = {isa = PBXBuildFile; fileRef = 63BD30BB15B136F2009A24AB /* CCSpriteFrame.m */; };
		63BD30BF15B136F2009A24AB /* CCSpriteFrameCache.m in Sources */ = {isa = PBXBuildFile; fileRef = 63BD30BE15B136F2009A24AB /* CCSpriteFrameCache.m */; };
		63BD30C215B136F2009A24AB /* CCTexture2D.m in Sources */ = {isa = PBXBuildFile; fileRef = 63BD30C115B136F2009A24AB /* CCTexture2D.m */; };
		63BD30C515B136F2009A24AB /* CCTextureAtlas.m in Sources */ = {isa = PBXBuildFile; fileRef = 63BD30C415B136F2009A24AB /* CCTextureAtlas.m */; };
		63BD30C815B136F2009A24AB /* CCTextureCache.m in Sources */ = {isa = PBXBuildFile; fileRef = 63BD30C715B136F2009A24AB /* CCTextureCache.m */; };
		63BD30CB15B136F2009A24AB /* CCTexturePVR.m in Sources */ = {isa = PBXBuildFile; fileRef = 63BD30CA15B136F2009A24AB /* CCTexturePVR.m */; };
		63BD30CE15B136F3009A24AB /* CCTileMapAtlas.m in Sources */ = {isa = PBXBuildFile; fileRef = 63BD30CD15B136F3009A24AB /* CCTileMapAtlas.m */; };
		63BD30D115B136F3009A24AB /* CCTMXLayer.m in Sources */ = {isa = PBXBuildFile; fileRef = 63BD30D015B136F3009A24AB /* CCTMXLayer.m */; };
		63BD30D415B136F3009A24AB /* CCTMXObjectGroup.m in Sources */ = {isa = PBXBuildFile; fileRef = 63BD30D315B136F3009A24AB /* CCTMXObjectGroup.m */; };
		63BD30D715B136F3009A24AB /* CCTMXTiledMap.m in Sources */ = {isa = PBXBuildFile; fileRef = 63BD30D615B136F3009A24AB /* CCTMXTiledMap.m */; };
		63BD30DA15B136F3009A24AB /* CCTMXXMLParser.m in Sources */ = {isa = PBXBuildFile; fileRef = 63BD30D915B136F3009A24AB /* CCTMXXMLParser.m */; };
		63BD30DD15B136F3009A24AB /* CCTransition.m in Sources */ = {isa = PBXBuildFile; fileRef = 63BD30DC15B136F3009A24AB /* CCTransition.m */; };
		63BD30E015B136F3009A24AB /* CCTransitionPageTurn.m in Sources */ = {isa = PBXBuildFile; fileRef = 63BD30DF15B136F3009A24AB /* CCTransitionPageTurn.m */; };
		63BD30E315B136F3009A24AB /* CCTransitionRadial.m in Sources */ = {isa = PBXBuildFile; fileRef = 63BD30E215B136F3009A24AB /* CCTransitionRadial.m */; };
		63BD30E715B136F3009A24AB /* cocos2d.m in Sources */ = {isa = PBXBuildFile; fileRef = 63BD30E615B136F3009A24AB /* cocos2d.m */; };
		63BD30EE15B136F3009A24AB /* CCDirectorIOS.m in Sources */ = {isa = PBXBuildFile; fileRef = 63BD30ED15B136F3009A24AB /* CCDirectorIOS.m */; };
		63BD30F215B136F3009A24AB /* CCTouchDispatcher.m in Sources */ = {isa = PBXBuildFile; fileRef = 63BD30F115B136F3009A24AB /* CCTouchDispatcher.m */; };
		63BD30F515B136F3009A24AB /* CCTouchHandler.m in Sources */ = {isa = PBXBuildFile; fileRef = 63BD30F415B136F3009A24AB /* CCTouchHandler.m */; };
		63BD30F815B136F3009A24AB /* EAGLView.m in Sources */ = {isa = PBXBuildFile; fileRef = 63BD30F715B136F3009A24AB /* EAGLView.m */; };
		63BD30FB15B136F3009A24AB /* ES1Renderer.m in Sources */ = {isa = PBXBuildFile; fileRef = 63BD30FA15B136F3009A24AB /* ES1Renderer.m */; };
		63BD30FE15B136F3009A24AB /* glu.c in Sources */ = {isa = PBXBuildFile; fileRef = 63BD30FD15B136F3009A24AB /* glu.c */; };
		63BD310315B136F3009A24AB /* CCDirectorMac.m in Sources */ = {isa = PBXBuildFile; fileRef = 63BD310215B136F3009A24AB /* CCDirectorMac.m */; };
		63BD310615B136F3009A24AB /* CCEventDispatcher.m in Sources */ = {isa = PBXBuildFile; fileRef = 63BD310515B136F3009A24AB /* CCEventDispatcher.m */; };
		63BD310915B136F3009A24AB /* MacGLView.m in Sources */ = {isa = PBXBuildFile; fileRef = 63BD310815B136F3009A24AB /* MacGLView.m */; };
		63BD310C15B136F3009A24AB /* MacWindow.m in Sources */ = {isa = PBXBuildFile; fileRef = 63BD310B15B136F3009A24AB /* MacWindow.m */; };
		63BD310F15B136F3009A24AB /* base64.c in Sources */ = {isa = PBXBuildFile; fileRef = 63BD310E15B136F3009A24AB /* base64.c */; };
		63BD311315B136F3009A24AB /* CCArray.m in Sources */ = {isa = PBXBuildFile; fileRef = 63BD311215B136F3009A24AB /* CCArray.m */; };
		63BD311715B136F3009A24AB /* CCFileUtils.m in Sources */ = {isa = PBXBuildFile; fileRef = 63BD311615B136F3009A24AB /* CCFileUtils.m */; };
		63BD311A15B136F3009A24AB /* CCProfiling.m in Sources */ = {isa = PBXBuildFile; fileRef = 63BD311915B136F3009A24AB /* CCProfiling.m */; };
		63BD311C15B136F3009A24AB /* ccUtils.c in Sources */ = {isa = PBXBuildFile; fileRef = 63BD311B15B136F3009A24AB /* ccUtils.c */; };
		63BD312015B136F3009A24AB /* CGPointExtension.m in Sources */ = {isa = PBXBuildFile; fileRef = 63BD311F15B136F3009A24AB /* CGPointExtension.m */; };
		63BD312415B136F3009A24AB /* TGAlib.m in Sources */ = {isa = PBXBuildFile; fileRef = 63BD312315B136F3009A24AB /* TGAlib.m */; };
		63BD312715B136F3009A24AB /* TransformUtils.m in Sources */ = {isa = PBXBuildFile; fileRef = 63BD312615B136F3009A24AB /* TransformUtils.m */; };
		63BD312C15B136F3009A24AB /* ZipUtils.m in Sources */ = {isa = PBXBuildFile; fileRef = 63BD312B15B136F3009A24AB /* ZipUtils.m */; };
		63BD313115B136F3009A24AB /* CDAudioManager.m in Sources */ = {isa = PBXBuildFile; fileRef = 63BD313015B136F3009A24AB /* CDAudioManager.m */; };
		63BD313515B136F3009A24AB /* CDOpenALSupport.m in Sources */ = {isa = PBXBuildFile; fileRef = 63BD313415B136F3009A24AB /* CDOpenALSupport.m */; };
		63BD313815B136F3009A24AB /* CocosDenshion.m in Sources */ = {isa = PBXBuildFile; fileRef = 63BD313715B136F3009A24AB /* CocosDenshion.m */; };
		63BD313B15B136F3009A24AB /* SimpleAudioEngine.m in Sources */ = {isa = PBXBuildFile; fileRef = 63BD313A15B136F3009A24AB /* SimpleAudioEngine.m */; };
		63BD314015B136F3009A24AB /* CLScoreServerPost.m in Sources */ = {isa = PBXBuildFile; fileRef = 63BD313F15B136F3009A24AB /* CLScoreServerPost.m */; };
		63BD314315B136F3009A24AB /* CLScoreServerRequest.m in Sources */ = {isa = PBXBuildFile; fileRef = 63BD314215B136F3009A24AB /* CLScoreServerRequest.m */; };
		63BD314615B136F3009A24AB /* cocoslive.m in Sources */ = {isa = PBXBuildFile; fileRef = 63BD314515B136F3009A24AB /* cocoslive.m */; };
		63BD314B15B136F3009A24AB /* CDataScanner.m in Sources */ = {isa = PBXBuildFile; fileRef = 63BD314A15B136F3009A24AB /* CDataScanner.m */; };
		63BD314F15B136F3009A24AB /* CDataScanner_Extensions.m in Sources */ = {isa = PBXBuildFile; fileRef = 63BD314E15B136F3009A24AB /* CDataScanner_Extensions.m */; };
		63BD315215B136F3009A24AB /* NSDictionary_JSONExtensions.m in Sources */ = {isa = PBXBuildFile; fileRef = 63BD315115B136F3009A24AB /* NSDictionary_JSONExtensions.m */; };
		63BD315615B136F3009A24AB /* CJSONDeserializer.m in Sources */ = {isa = PBXBuildFile; fileRef = 63BD315515B136F3009A24AB /* CJSONDeserializer.m */; };
		63BD315915B136F3009A24AB /* CJSONScanner.m in Sources */ = {isa = PBXBuildFile; fileRef = 63BD315815B136F3009A24AB /* CJSONScanner.m */; };
		63BD315C15B136F3009A24AB /* CJSONSerializer.m in Sources */ = {isa = PBXBuildFile; fileRef = 63BD315B15B136F3009A24AB /* CJSONSerializer.m */; };
		63BD316115B136F3009A24AB /* FontLabel.m in Sources */ = {isa = PBXBuildFile; fileRef = 63BD316015B136F3009A24AB /* FontLabel.m */; };
		63BD316415B136F3009A24AB /* FontLabelStringDrawing.m in Sources */ = {isa = PBXBuildFile; fileRef = 63BD316315B136F3009A24AB /* FontLabelStringDrawing.m */; };
		63BD316715B136F3009A24AB /* FontManager.m in Sources */ = {isa = PBXBuildFile; fileRef = 63BD316615B136F3009A24AB /* FontManager.m */; };
		63BD316A15B136F3009A24AB /* ZAttributedString.m in Sources */ = {isa = PBXBuildFile; fileRef = 63BD316915B136F3009A24AB /* ZAttributedString.m */; };
		63BD316E15B136F3009A24AB /* ZFont.m in Sources */ = {isa = PBXBuildFile; fileRef = 63BD316D15B136F3009A24AB /* ZFont.m */; };
		63BD317315B136F3009A24AB /* main.m in Sources */ = {isa = PBXBuildFile; fileRef = 63BD317215B136F3009A24AB /* main.m */; };
		63BD317615B136F3009A24AB /* AppDelegate.m in Sources */ = {isa = PBXBuildFile; fileRef = 63BD317515B136F3009A24AB /* AppDelegate.m */; };
		63BD317915B136F3009A24AB /* RootViewController.m in Sources */ = {isa = PBXBuildFile; fileRef = 63BD317815B136F3009A24AB /* RootViewController.m */; };
		63BD317C15B136F3009A24AB /* HelloWorldLayer.m in Sources */ = {isa = PBXBuildFile; fileRef = 63BD317B15B136F3009A24AB /* HelloWorldLayer.m */; };
/* End PBXBuildFile section */

/* Begin PBXFileReference section */
		63BD300E15B136F2009A24AB /* rainbowStar.app */ = {isa = PBXFileReference; explicitFileType = wrapper.application; includeInIndex = 0; path = rainbowStar.app; sourceTree = BUILT_PRODUCTS_DIR; };
		63BD301215B136F2009A24AB /* QuartzCore.framework */ = {isa = PBXFileReference; lastKnownFileType = wrapper.framework; name = QuartzCore.framework; path = System/Library/Frameworks/QuartzCore.framework; sourceTree = SDKROOT; };
		63BD301415B136F2009A24AB /* OpenGLES.framework */ = {isa = PBXFileReference; lastKnownFileType = wrapper.framework; name = OpenGLES.framework; path = System/Library/Frameworks/OpenGLES.framework; sourceTree = SDKROOT; };
		63BD301615B136F2009A24AB /* OpenAL.framework */ = {isa = PBXFileReference; lastKnownFileType = wrapper.framework; name = OpenAL.framework; path = System/Library/Frameworks/OpenAL.framework; sourceTree = SDKROOT; };
		63BD301815B136F2009A24AB /* AudioToolbox.framework */ = {isa = PBXFileReference; lastKnownFileType = wrapper.framework; name = AudioToolbox.framework; path = System/Library/Frameworks/AudioToolbox.framework; sourceTree = SDKROOT; };
		63BD301A15B136F2009A24AB /* AVFoundation.framework */ = {isa = PBXFileReference; lastKnownFileType = wrapper.framework; name = AVFoundation.framework; path = System/Library/Frameworks/AVFoundation.framework; sourceTree = SDKROOT; };
		63BD301C15B136F2009A24AB /* UIKit.framework */ = {isa = PBXFileReference; lastKnownFileType = wrapper.framework; name = UIKit.framework; path = System/Library/Frameworks/UIKit.framework; sourceTree = SDKROOT; };
		63BD301E15B136F2009A24AB /* Foundation.framework */ = {isa = PBXFileReference; lastKnownFileType = wrapper.framework; name = Foundation.framework; path = System/Library/Frameworks/Foundation.framework; sourceTree = SDKROOT; };
		63BD302015B136F2009A24AB /* CoreGraphics.framework */ = {isa = PBXFileReference; lastKnownFileType = wrapper.framework; name = CoreGraphics.framework; path = System/Library/Frameworks/CoreGraphics.framework; sourceTree = SDKROOT; };
		63BD302415B136F2009A24AB /* Default.png */ = {isa = PBXFileReference; lastKnownFileType = image.png; name = Default.png; path = Resources/Default.png; sourceTree = "<group>"; };
		63BD302615B136F2009A24AB /* fps_images.png */ = {isa = PBXFileReference; lastKnownFileType = image.png; name = fps_images.png; path = Resources/fps_images.png; sourceTree = "<group>"; };
		63BD302815B136F2009A24AB /* Icon-72.png */ = {isa = PBXFileReference; lastKnownFileType = image.png; name = "Icon-72.png"; path = "Resources/Icon-72.png"; sourceTree = "<group>"; };
		63BD302A15B136F2009A24AB /* Icon-Small-50.png */ = {isa = PBXFileReference; lastKnownFileType = image.png; name = "Icon-Small-50.png"; path = "Resources/Icon-Small-50.png"; sourceTree = "<group>"; };
		63BD302C15B136F2009A24AB /* Icon-Small.png */ = {isa = PBXFileReference; lastKnownFileType = image.png; name = "Icon-Small.png"; path = "Resources/Icon-Small.png"; sourceTree = "<group>"; };
		63BD302E15B136F2009A24AB /* Icon-Small@2x.png */ = {isa = PBXFileReference; lastKnownFileType = image.png; name = "Icon-Small@2x.png"; path = "Resources/Icon-Small@2x.png"; sourceTree = "<group>"; };
		63BD303015B136F2009A24AB /* Icon.png */ = {isa = PBXFileReference; lastKnownFileType = image.png; name = Icon.png; path = Resources/Icon.png; sourceTree = "<group>"; };
		63BD303215B136F2009A24AB /* Icon@2x.png */ = {isa = PBXFileReference; lastKnownFileType = image.png; name = "Icon@2x.png"; path = "Resources/Icon@2x.png"; sourceTree = "<group>"; };
		63BD303415B136F2009A24AB /* Info.plist */ = {isa = PBXFileReference; lastKnownFileType = text.plist.xml; name = Info.plist; path = Resources/Info.plist; sourceTree = "<group>"; };
		63BD303515B136F2009A24AB /* iTunesArtwork */ = {isa = PBXFileReference; lastKnownFileType = file; name = iTunesArtwork; path = Resources/iTunesArtwork; sourceTree = "<group>"; };
		63BD303915B136F2009A24AB /* CCAction.h */ = {isa = PBXFileReference; lastKnownFileType = sourcecode.c.h; name = CCAction.h; path = libs/cocos2d/CCAction.h; sourceTree = "<group>"; };
		63BD303A15B136F2009A24AB /* CCAction.m */ = {isa = PBXFileReference; lastKnownFileType = sourcecode.c.objc; name = CCAction.m; path = libs/cocos2d/CCAction.m; sourceTree = "<group>"; };
		63BD303C15B136F2009A24AB /* CCActionCamera.h */ = {isa = PBXFileReference; lastKnownFileType = sourcecode.c.h; name = CCActionCamera.h; path = libs/cocos2d/CCActionCamera.h; sourceTree = "<group>"; };
		63BD303D15B136F2009A24AB /* CCActionCamera.m */ = {isa = PBXFileReference; lastKnownFileType = sourcecode.c.objc; name = CCActionCamera.m; path = libs/cocos2d/CCActionCamera.m; sourceTree = "<group>"; };
		63BD303F15B136F2009A24AB /* CCActionEase.h */ = {isa = PBXFileReference; lastKnownFileType = sourcecode.c.h; name = CCActionEase.h; path = libs/cocos2d/CCActionEase.h; sourceTree = "<group>"; };
		63BD304015B136F2009A24AB /* CCActionEase.m */ = {isa = PBXFileReference; lastKnownFileType = sourcecode.c.objc; name = CCActionEase.m; path = libs/cocos2d/CCActionEase.m; sourceTree = "<group>"; };
		63BD304215B136F2009A24AB /* CCActionGrid.h */ = {isa = PBXFileReference; lastKnownFileType = sourcecode.c.h; name = CCActionGrid.h; path = libs/cocos2d/CCActionGrid.h; sourceTree = "<group>"; };
		63BD304315B136F2009A24AB /* CCActionGrid.m */ = {isa = PBXFileReference; lastKnownFileType = sourcecode.c.objc; name = CCActionGrid.m; path = libs/cocos2d/CCActionGrid.m; sourceTree = "<group>"; };
		63BD304515B136F2009A24AB /* CCActionGrid3D.h */ = {isa = PBXFileReference; lastKnownFileType = sourcecode.c.h; name = CCActionGrid3D.h; path = libs/cocos2d/CCActionGrid3D.h; sourceTree = "<group>"; };
		63BD304615B136F2009A24AB /* CCActionGrid3D.m */ = {isa = PBXFileReference; lastKnownFileType = sourcecode.c.objc; name = CCActionGrid3D.m; path = libs/cocos2d/CCActionGrid3D.m; sourceTree = "<group>"; };
		63BD304815B136F2009A24AB /* CCActionInstant.h */ = {isa = PBXFileReference; lastKnownFileType = sourcecode.c.h; name = CCActionInstant.h; path = libs/cocos2d/CCActionInstant.h; sourceTree = "<group>"; };
		63BD304915B136F2009A24AB /* CCActionInstant.m */ = {isa = PBXFileReference; lastKnownFileType = sourcecode.c.objc; name = CCActionInstant.m; path = libs/cocos2d/CCActionInstant.m; sourceTree = "<group>"; };
		63BD304B15B136F2009A24AB /* CCActionInterval.h */ = {isa = PBXFileReference; lastKnownFileType = sourcecode.c.h; name = CCActionInterval.h; path = libs/cocos2d/CCActionInterval.h; sourceTree = "<group>"; };
		63BD304C15B136F2009A24AB /* CCActionInterval.m */ = {isa = PBXFileReference; lastKnownFileType = sourcecode.c.objc; name = CCActionInterval.m; path = libs/cocos2d/CCActionInterval.m; sourceTree = "<group>"; };
		63BD304E15B136F2009A24AB /* CCActionManager.h */ = {isa = PBXFileReference; lastKnownFileType = sourcecode.c.h; name = CCActionManager.h; path = libs/cocos2d/CCActionManager.h; sourceTree = "<group>"; };
		63BD304F15B136F2009A24AB /* CCActionManager.m */ = {isa = PBXFileReference; lastKnownFileType = sourcecode.c.objc; name = CCActionManager.m; path = libs/cocos2d/CCActionManager.m; sourceTree = "<group>"; };
		63BD305115B136F2009A24AB /* CCActionPageTurn3D.h */ = {isa = PBXFileReference; lastKnownFileType = sourcecode.c.h; name = CCActionPageTurn3D.h; path = libs/cocos2d/CCActionPageTurn3D.h; sourceTree = "<group>"; };
		63BD305215B136F2009A24AB /* CCActionPageTurn3D.m */ = {isa = PBXFileReference; lastKnownFileType = sourcecode.c.objc; name = CCActionPageTurn3D.m; path = libs/cocos2d/CCActionPageTurn3D.m; sourceTree = "<group>"; };
		63BD305415B136F2009A24AB /* CCActionProgressTimer.h */ = {isa = PBXFileReference; lastKnownFileType = sourcecode.c.h; name = CCActionProgressTimer.h; path = libs/cocos2d/CCActionProgressTimer.h; sourceTree = "<group>"; };
		63BD305515B136F2009A24AB /* CCActionProgressTimer.m */ = {isa = PBXFileReference; lastKnownFileType = sourcecode.c.objc; name = CCActionProgressTimer.m; path = libs/cocos2d/CCActionProgressTimer.m; sourceTree = "<group>"; };
		63BD305715B136F2009A24AB /* CCActionTiledGrid.h */ = {isa = PBXFileReference; lastKnownFileType = sourcecode.c.h; name = CCActionTiledGrid.h; path = libs/cocos2d/CCActionTiledGrid.h; sourceTree = "<group>"; };
		63BD305815B136F2009A24AB /* CCActionTiledGrid.m */ = {isa = PBXFileReference; lastKnownFileType = sourcecode.c.objc; name = CCActionTiledGrid.m; path = libs/cocos2d/CCActionTiledGrid.m; sourceTree = "<group>"; };
		63BD305A15B136F2009A24AB /* CCActionTween.h */ = {isa = PBXFileReference; lastKnownFileType = sourcecode.c.h; name = CCActionTween.h; path = libs/cocos2d/CCActionTween.h; sourceTree = "<group>"; };
		63BD305B15B136F2009A24AB /* CCActionTween.m */ = {isa = PBXFileReference; lastKnownFileType = sourcecode.c.objc; name = CCActionTween.m; path = libs/cocos2d/CCActionTween.m; sourceTree = "<group>"; };
		63BD305D15B136F2009A24AB /* CCAnimation.h */ = {isa = PBXFileReference; lastKnownFileType = sourcecode.c.h; name = CCAnimation.h; path = libs/cocos2d/CCAnimation.h; sourceTree = "<group>"; };
		63BD305E15B136F2009A24AB /* CCAnimation.m */ = {isa = PBXFileReference; lastKnownFileType = sourcecode.c.objc; name = CCAnimation.m; path = libs/cocos2d/CCAnimation.m; sourceTree = "<group>"; };
		63BD306015B136F2009A24AB /* CCAnimationCache.h */ = {isa = PBXFileReference; lastKnownFileType = sourcecode.c.h; name = CCAnimationCache.h; path = libs/cocos2d/CCAnimationCache.h; sourceTree = "<group>"; };
		63BD306115B136F2009A24AB /* CCAnimationCache.m */ = {isa = PBXFileReference; lastKnownFileType = sourcecode.c.objc; name = CCAnimationCache.m; path = libs/cocos2d/CCAnimationCache.m; sourceTree = "<group>"; };
		63BD306315B136F2009A24AB /* CCAtlasNode.h */ = {isa = PBXFileReference; lastKnownFileType = sourcecode.c.h; name = CCAtlasNode.h; path = libs/cocos2d/CCAtlasNode.h; sourceTree = "<group>"; };
		63BD306415B136F2009A24AB /* CCAtlasNode.m */ = {isa = PBXFileReference; lastKnownFileType = sourcecode.c.objc; name = CCAtlasNode.m; path = libs/cocos2d/CCAtlasNode.m; sourceTree = "<group>"; };
		63BD306615B136F2009A24AB /* CCBlockSupport.h */ = {isa = PBXFileReference; lastKnownFileType = sourcecode.c.h; name = CCBlockSupport.h; path = libs/cocos2d/CCBlockSupport.h; sourceTree = "<group>"; };
		63BD306715B136F2009A24AB /* CCBlockSupport.m */ = {isa = PBXFileReference; lastKnownFileType = sourcecode.c.objc; name = CCBlockSupport.m; path = libs/cocos2d/CCBlockSupport.m; sourceTree = "<group>"; };
		63BD306915B136F2009A24AB /* CCCamera.h */ = {isa = PBXFileReference; lastKnownFileType = sourcecode.c.h; name = CCCamera.h; path = libs/cocos2d/CCCamera.h; sourceTree = "<group>"; };
		63BD306A15B136F2009A24AB /* CCCamera.m */ = {isa = PBXFileReference; lastKnownFileType = sourcecode.c.objc; name = CCCamera.m; path = libs/cocos2d/CCCamera.m; sourceTree = "<group>"; };
		63BD306C15B136F2009A24AB /* ccConfig.h */ = {isa = PBXFileReference; lastKnownFileType = sourcecode.c.h; name = ccConfig.h; path = libs/cocos2d/ccConfig.h; sourceTree = "<group>"; };
		63BD306D15B136F2009A24AB /* CCConfiguration.h */ = {isa = PBXFileReference; lastKnownFileType = sourcecode.c.h; name = CCConfiguration.h; path = libs/cocos2d/CCConfiguration.h; sourceTree = "<group>"; };
		63BD306E15B136F2009A24AB /* CCConfiguration.m */ = {isa = PBXFileReference; lastKnownFileType = sourcecode.c.objc; name = CCConfiguration.m; path = libs/cocos2d/CCConfiguration.m; sourceTree = "<group>"; };
		63BD307015B136F2009A24AB /* CCDirector.h */ = {isa = PBXFileReference; lastKnownFileType = sourcecode.c.h; name = CCDirector.h; path = libs/cocos2d/CCDirector.h; sourceTree = "<group>"; };
		63BD307115B136F2009A24AB /* CCDirector.m */ = {isa = PBXFileReference; lastKnownFileType = sourcecode.c.objc; name = CCDirector.m; path = libs/cocos2d/CCDirector.m; sourceTree = "<group>"; };
		63BD307315B136F2009A24AB /* CCDrawingPrimitives.h */ = {isa = PBXFileReference; lastKnownFileType = sourcecode.c.h; name = CCDrawingPrimitives.h; path = libs/cocos2d/CCDrawingPrimitives.h; sourceTree = "<group>"; };
		63BD307415B136F2009A24AB /* CCDrawingPrimitives.m */ = {isa = PBXFileReference; lastKnownFileType = sourcecode.c.objc; name = CCDrawingPrimitives.m; path = libs/cocos2d/CCDrawingPrimitives.m; sourceTree = "<group>"; };
		63BD307615B136F2009A24AB /* CCGrabber.h */ = {isa = PBXFileReference; lastKnownFileType = sourcecode.c.h; name = CCGrabber.h; path = libs/cocos2d/CCGrabber.h; sourceTree = "<group>"; };
		63BD307715B136F2009A24AB /* CCGrabber.m */ = {isa = PBXFileReference; lastKnownFileType = sourcecode.c.objc; name = CCGrabber.m; path = libs/cocos2d/CCGrabber.m; sourceTree = "<group>"; };
		63BD307915B136F2009A24AB /* CCGrid.h */ = {isa = PBXFileReference; lastKnownFileType = sourcecode.c.h; name = CCGrid.h; path = libs/cocos2d/CCGrid.h; sourceTree = "<group>"; };
		63BD307A15B136F2009A24AB /* CCGrid.m */ = {isa = PBXFileReference; lastKnownFileType = sourcecode.c.objc; name = CCGrid.m; path = libs/cocos2d/CCGrid.m; sourceTree = "<group>"; };
		63BD307C15B136F2009A24AB /* CCLabelAtlas.h */ = {isa = PBXFileReference; lastKnownFileType = sourcecode.c.h; name = CCLabelAtlas.h; path = libs/cocos2d/CCLabelAtlas.h; sourceTree = "<group>"; };
		63BD307D15B136F2009A24AB /* CCLabelAtlas.m */ = {isa = PBXFileReference; lastKnownFileType = sourcecode.c.objc; name = CCLabelAtlas.m; path = libs/cocos2d/CCLabelAtlas.m; sourceTree = "<group>"; };
		63BD307F15B136F2009A24AB /* CCLabelBMFont.h */ = {isa = PBXFileReference; lastKnownFileType = sourcecode.c.h; name = CCLabelBMFont.h; path = libs/cocos2d/CCLabelBMFont.h; sourceTree = "<group>"; };
		63BD308015B136F2009A24AB /* CCLabelBMFont.m */ = {isa = PBXFileReference; lastKnownFileType = sourcecode.c.objc; name = CCLabelBMFont.m; path = libs/cocos2d/CCLabelBMFont.m; sourceTree = "<group>"; };
		63BD308215B136F2009A24AB /* CCLabelTTF.h */ = {isa = PBXFileReference; lastKnownFileType = sourcecode.c.h; name = CCLabelTTF.h; path = libs/cocos2d/CCLabelTTF.h; sourceTree = "<group>"; };
		63BD308315B136F2009A24AB /* CCLabelTTF.m */ = {isa = PBXFileReference; lastKnownFileType = sourcecode.c.objc; name = CCLabelTTF.m; path = libs/cocos2d/CCLabelTTF.m; sourceTree = "<group>"; };
		63BD308515B136F2009A24AB /* CCLayer.h */ = {isa = PBXFileReference; lastKnownFileType = sourcecode.c.h; name = CCLayer.h; path = libs/cocos2d/CCLayer.h; sourceTree = "<group>"; };
		63BD308615B136F2009A24AB /* CCLayer.m */ = {isa = PBXFileReference; lastKnownFileType = sourcecode.c.objc; name = CCLayer.m; path = libs/cocos2d/CCLayer.m; sourceTree = "<group>"; };
		63BD308815B136F2009A24AB /* ccMacros.h */ = {isa = PBXFileReference; lastKnownFileType = sourcecode.c.h; name = ccMacros.h; path = libs/cocos2d/ccMacros.h; sourceTree = "<group>"; };
		63BD308915B136F2009A24AB /* CCMenu.h */ = {isa = PBXFileReference; lastKnownFileType = sourcecode.c.h; name = CCMenu.h; path = libs/cocos2d/CCMenu.h; sourceTree = "<group>"; };
		63BD308A15B136F2009A24AB /* CCMenu.m */ = {isa = PBXFileReference; lastKnownFileType = sourcecode.c.objc; name = CCMenu.m; path = libs/cocos2d/CCMenu.m; sourceTree = "<group>"; };
		63BD308C15B136F2009A24AB /* CCMenuItem.h */ = {isa = PBXFileReference; lastKnownFileType = sourcecode.c.h; name = CCMenuItem.h; path = libs/cocos2d/CCMenuItem.h; sourceTree = "<group>"; };
		63BD308D15B136F2009A24AB /* CCMenuItem.m */ = {isa = PBXFileReference; lastKnownFileType = sourcecode.c.objc; name = CCMenuItem.m; path = libs/cocos2d/CCMenuItem.m; sourceTree = "<group>"; };
		63BD308F15B136F2009A24AB /* CCMotionStreak.h */ = {isa = PBXFileReference; lastKnownFileType = sourcecode.c.h; name = CCMotionStreak.h; path = libs/cocos2d/CCMotionStreak.h; sourceTree = "<group>"; };
		63BD309015B136F2009A24AB /* CCMotionStreak.m */ = {isa = PBXFileReference; lastKnownFileType = sourcecode.c.objc; name = CCMotionStreak.m; path = libs/cocos2d/CCMotionStreak.m; sourceTree = "<group>"; };
		63BD309215B136F2009A24AB /* CCNode.h */ = {isa = PBXFileReference; lastKnownFileType = sourcecode.c.h; name = CCNode.h; path = libs/cocos2d/CCNode.h; sourceTree = "<group>"; };
		63BD309315B136F2009A24AB /* CCNode.m */ = {isa = PBXFileReference; lastKnownFileType = sourcecode.c.objc; name = CCNode.m; path = libs/cocos2d/CCNode.m; sourceTree = "<group>"; };
		63BD309515B136F2009A24AB /* CCParallaxNode.h */ = {isa = PBXFileReference; lastKnownFileType = sourcecode.c.h; name = CCParallaxNode.h; path = libs/cocos2d/CCParallaxNode.h; sourceTree = "<group>"; };
		63BD309615B136F2009A24AB /* CCParallaxNode.m */ = {isa = PBXFileReference; lastKnownFileType = sourcecode.c.objc; name = CCParallaxNode.m; path = libs/cocos2d/CCParallaxNode.m; sourceTree = "<group>"; };
		63BD309815B136F2009A24AB /* CCParticleExamples.h */ = {isa = PBXFileReference; lastKnownFileType = sourcecode.c.h; name = CCParticleExamples.h; path = libs/cocos2d/CCParticleExamples.h; sourceTree = "<group>"; };
		63BD309915B136F2009A24AB /* CCParticleExamples.m */ = {isa = PBXFileReference; lastKnownFileType = sourcecode.c.objc; name = CCParticleExamples.m; path = libs/cocos2d/CCParticleExamples.m; sourceTree = "<group>"; };
		63BD309B15B136F2009A24AB /* CCParticleSystem.h */ = {isa = PBXFileReference; lastKnownFileType = sourcecode.c.h; name = CCParticleSystem.h; path = libs/cocos2d/CCParticleSystem.h; sourceTree = "<group>"; };
		63BD309C15B136F2009A24AB /* CCParticleSystem.m */ = {isa = PBXFileReference; lastKnownFileType = sourcecode.c.objc; name = CCParticleSystem.m; path = libs/cocos2d/CCParticleSystem.m; sourceTree = "<group>"; };
		63BD309E15B136F2009A24AB /* CCParticleSystemPoint.h */ = {isa = PBXFileReference; lastKnownFileType = sourcecode.c.h; name = CCParticleSystemPoint.h; path = libs/cocos2d/CCParticleSystemPoint.h; sourceTree = "<group>"; };
		63BD309F15B136F2009A24AB /* CCParticleSystemPoint.m */ = {isa = PBXFileReference; lastKnownFileType = sourcecode.c.objc; name = CCParticleSystemPoint.m; path = libs/cocos2d/CCParticleSystemPoint.m; sourceTree = "<group>"; };
		63BD30A115B136F2009A24AB /* CCParticleSystemQuad.h */ = {isa = PBXFileReference; lastKnownFileType = sourcecode.c.h; name = CCParticleSystemQuad.h; path = libs/cocos2d/CCParticleSystemQuad.h; sourceTree = "<group>"; };
		63BD30A215B136F2009A24AB /* CCParticleSystemQuad.m */ = {isa = PBXFileReference; lastKnownFileType = sourcecode.c.objc; name = CCParticleSystemQuad.m; path = libs/cocos2d/CCParticleSystemQuad.m; sourceTree = "<group>"; };
		63BD30A415B136F2009A24AB /* CCProgressTimer.h */ = {isa = PBXFileReference; lastKnownFileType = sourcecode.c.h; name = CCProgressTimer.h; path = libs/cocos2d/CCProgressTimer.h; sourceTree = "<group>"; };
		63BD30A515B136F2009A24AB /* CCProgressTimer.m */ = {isa = PBXFileReference; lastKnownFileType = sourcecode.c.objc; name = CCProgressTimer.m; path = libs/cocos2d/CCProgressTimer.m; sourceTree = "<group>"; };
		63BD30A715B136F2009A24AB /* CCProtocols.h */ = {isa = PBXFileReference; lastKnownFileType = sourcecode.c.h; name = CCProtocols.h; path = libs/cocos2d/CCProtocols.h; sourceTree = "<group>"; };
		63BD30A815B136F2009A24AB /* CCRenderTexture.h */ = {isa = PBXFileReference; lastKnownFileType = sourcecode.c.h; name = CCRenderTexture.h; path = libs/cocos2d/CCRenderTexture.h; sourceTree = "<group>"; };
		63BD30A915B136F2009A24AB /* CCRenderTexture.m */ = {isa = PBXFileReference; lastKnownFileType = sourcecode.c.objc; name = CCRenderTexture.m; path = libs/cocos2d/CCRenderTexture.m; sourceTree = "<group>"; };
		63BD30AB15B136F2009A24AB /* CCRibbon.h */ = {isa = PBXFileReference; lastKnownFileType = sourcecode.c.h; name = CCRibbon.h; path = libs/cocos2d/CCRibbon.h; sourceTree = "<group>"; };
		63BD30AC15B136F2009A24AB /* CCRibbon.m */ = {isa = PBXFileReference; lastKnownFileType = sourcecode.c.objc; name = CCRibbon.m; path = libs/cocos2d/CCRibbon.m; sourceTree = "<group>"; };
		63BD30AE15B136F2009A24AB /* CCScene.h */ = {isa = PBXFileReference; lastKnownFileType = sourcecode.c.h; name = CCScene.h; path = libs/cocos2d/CCScene.h; sourceTree = "<group>"; };
		63BD30AF15B136F2009A24AB /* CCScene.m */ = {isa = PBXFileReference; lastKnownFileType = sourcecode.c.objc; name = CCScene.m; path = libs/cocos2d/CCScene.m; sourceTree = "<group>"; };
		63BD30B115B136F2009A24AB /* CCScheduler.h */ = {isa = PBXFileReference; lastKnownFileType = sourcecode.c.h; name = CCScheduler.h; path = libs/cocos2d/CCScheduler.h; sourceTree = "<group>"; };
		63BD30B215B136F2009A24AB /* CCScheduler.m */ = {isa = PBXFileReference; lastKnownFileType = sourcecode.c.objc; name = CCScheduler.m; path = libs/cocos2d/CCScheduler.m; sourceTree = "<group>"; };
		63BD30B415B136F2009A24AB /* CCSprite.h */ = {isa = PBXFileReference; lastKnownFileType = sourcecode.c.h; name = CCSprite.h; path = libs/cocos2d/CCSprite.h; sourceTree = "<group>"; };
		63BD30B515B136F2009A24AB /* CCSprite.m */ = {isa = PBXFileReference; lastKnownFileType = sourcecode.c.objc; name = CCSprite.m; path = libs/cocos2d/CCSprite.m; sourceTree = "<group>"; };
		63BD30B715B136F2009A24AB /* CCSpriteBatchNode.h */ = {isa = PBXFileReference; lastKnownFileType = sourcecode.c.h; name = CCSpriteBatchNode.h; path = libs/cocos2d/CCSpriteBatchNode.h; sourceTree = "<group>"; };
		63BD30B815B136F2009A24AB /* CCSpriteBatchNode.m */ = {isa = PBXFileReference; lastKnownFileType = sourcecode.c.objc; name = CCSpriteBatchNode.m; path = libs/cocos2d/CCSpriteBatchNode.m; sourceTree = "<group>"; };
		63BD30BA15B136F2009A24AB /* CCSpriteFrame.h */ = {isa = PBXFileReference; lastKnownFileType = sourcecode.c.h; name = CCSpriteFrame.h; path = libs/cocos2d/CCSpriteFrame.h; sourceTree = "<group>"; };
		63BD30BB15B136F2009A24AB /* CCSpriteFrame.m */ = {isa = PBXFileReference; lastKnownFileType = sourcecode.c.objc; name = CCSpriteFrame.m; path = libs/cocos2d/CCSpriteFrame.m; sourceTree = "<group>"; };
		63BD30BD15B136F2009A24AB /* CCSpriteFrameCache.h */ = {isa = PBXFileReference; lastKnownFileType = sourcecode.c.h; name = CCSpriteFrameCache.h; path = libs/cocos2d/CCSpriteFrameCache.h; sourceTree = "<group>"; };
		63BD30BE15B136F2009A24AB /* CCSpriteFrameCache.m */ = {isa = PBXFileReference; lastKnownFileType = sourcecode.c.objc; name = CCSpriteFrameCache.m; path = libs/cocos2d/CCSpriteFrameCache.m; sourceTree = "<group>"; };
		63BD30C015B136F2009A24AB /* CCTexture2D.h */ = {isa = PBXFileReference; lastKnownFileType = sourcecode.c.h; name = CCTexture2D.h; path = libs/cocos2d/CCTexture2D.h; sourceTree = "<group>"; };
		63BD30C115B136F2009A24AB /* CCTexture2D.m */ = {isa = PBXFileReference; lastKnownFileType = sourcecode.c.objc; name = CCTexture2D.m; path = libs/cocos2d/CCTexture2D.m; sourceTree = "<group>"; };
		63BD30C315B136F2009A24AB /* CCTextureAtlas.h */ = {isa = PBXFileReference; lastKnownFileType = sourcecode.c.h; name = CCTextureAtlas.h; path = libs/cocos2d/CCTextureAtlas.h; sourceTree = "<group>"; };
		63BD30C415B136F2009A24AB /* CCTextureAtlas.m */ = {isa = PBXFileReference; lastKnownFileType = sourcecode.c.objc; name = CCTextureAtlas.m; path = libs/cocos2d/CCTextureAtlas.m; sourceTree = "<group>"; };
		63BD30C615B136F2009A24AB /* CCTextureCache.h */ = {isa = PBXFileReference; lastKnownFileType = sourcecode.c.h; name = CCTextureCache.h; path = libs/cocos2d/CCTextureCache.h; sourceTree = "<group>"; };
		63BD30C715B136F2009A24AB /* CCTextureCache.m */ = {isa = PBXFileReference; lastKnownFileType = sourcecode.c.objc; name = CCTextureCache.m; path = libs/cocos2d/CCTextureCache.m; sourceTree = "<group>"; };
		63BD30C915B136F2009A24AB /* CCTexturePVR.h */ = {isa = PBXFileReference; lastKnownFileType = sourcecode.c.h; name = CCTexturePVR.h; path = libs/cocos2d/CCTexturePVR.h; sourceTree = "<group>"; };
		63BD30CA15B136F2009A24AB /* CCTexturePVR.m */ = {isa = PBXFileReference; lastKnownFileType = sourcecode.c.objc; name = CCTexturePVR.m; path = libs/cocos2d/CCTexturePVR.m; sourceTree = "<group>"; };
		63BD30CC15B136F2009A24AB /* CCTileMapAtlas.h */ = {isa = PBXFileReference; lastKnownFileType = sourcecode.c.h; name = CCTileMapAtlas.h; path = libs/cocos2d/CCTileMapAtlas.h; sourceTree = "<group>"; };
		63BD30CD15B136F3009A24AB /* CCTileMapAtlas.m */ = {isa = PBXFileReference; lastKnownFileType = sourcecode.c.objc; name = CCTileMapAtlas.m; path = libs/cocos2d/CCTileMapAtlas.m; sourceTree = "<group>"; };
		63BD30CF15B136F3009A24AB /* CCTMXLayer.h */ = {isa = PBXFileReference; lastKnownFileType = sourcecode.c.h; name = CCTMXLayer.h; path = libs/cocos2d/CCTMXLayer.h; sourceTree = "<group>"; };
		63BD30D015B136F3009A24AB /* CCTMXLayer.m */ = {isa = PBXFileReference; lastKnownFileType = sourcecode.c.objc; name = CCTMXLayer.m; path = libs/cocos2d/CCTMXLayer.m; sourceTree = "<group>"; };
		63BD30D215B136F3009A24AB /* CCTMXObjectGroup.h */ = {isa = PBXFileReference; lastKnownFileType = sourcecode.c.h; name = CCTMXObjectGroup.h; path = libs/cocos2d/CCTMXObjectGroup.h; sourceTree = "<group>"; };
		63BD30D315B136F3009A24AB /* CCTMXObjectGroup.m */ = {isa = PBXFileReference; lastKnownFileType = sourcecode.c.objc; name = CCTMXObjectGroup.m; path = libs/cocos2d/CCTMXObjectGroup.m; sourceTree = "<group>"; };
		63BD30D515B136F3009A24AB /* CCTMXTiledMap.h */ = {isa = PBXFileReference; lastKnownFileType = sourcecode.c.h; name = CCTMXTiledMap.h; path = libs/cocos2d/CCTMXTiledMap.h; sourceTree = "<group>"; };
		63BD30D615B136F3009A24AB /* CCTMXTiledMap.m */ = {isa = PBXFileReference; lastKnownFileType = sourcecode.c.objc; name = CCTMXTiledMap.m; path = libs/cocos2d/CCTMXTiledMap.m; sourceTree = "<group>"; };
		63BD30D815B136F3009A24AB /* CCTMXXMLParser.h */ = {isa = PBXFileReference; lastKnownFileType = sourcecode.c.h; name = CCTMXXMLParser.h; path = libs/cocos2d/CCTMXXMLParser.h; sourceTree = "<group>"; };
		63BD30D915B136F3009A24AB /* CCTMXXMLParser.m */ = {isa = PBXFileReference; lastKnownFileType = sourcecode.c.objc; name = CCTMXXMLParser.m; path = libs/cocos2d/CCTMXXMLParser.m; sourceTree = "<group>"; };
		63BD30DB15B136F3009A24AB /* CCTransition.h */ = {isa = PBXFileReference; lastKnownFileType = sourcecode.c.h; name = CCTransition.h; path = libs/cocos2d/CCTransition.h; sourceTree = "<group>"; };
		63BD30DC15B136F3009A24AB /* CCTransition.m */ = {isa = PBXFileReference; lastKnownFileType = sourcecode.c.objc; name = CCTransition.m; path = libs/cocos2d/CCTransition.m; sourceTree = "<group>"; };
		63BD30DE15B136F3009A24AB /* CCTransitionPageTurn.h */ = {isa = PBXFileReference; lastKnownFileType = sourcecode.c.h; name = CCTransitionPageTurn.h; path = libs/cocos2d/CCTransitionPageTurn.h; sourceTree = "<group>"; };
		63BD30DF15B136F3009A24AB /* CCTransitionPageTurn.m */ = {isa = PBXFileReference; lastKnownFileType = sourcecode.c.objc; name = CCTransitionPageTurn.m; path = libs/cocos2d/CCTransitionPageTurn.m; sourceTree = "<group>"; };
		63BD30E115B136F3009A24AB /* CCTransitionRadial.h */ = {isa = PBXFileReference; lastKnownFileType = sourcecode.c.h; name = CCTransitionRadial.h; path = libs/cocos2d/CCTransitionRadial.h; sourceTree = "<group>"; };
		63BD30E215B136F3009A24AB /* CCTransitionRadial.m */ = {isa = PBXFileReference; lastKnownFileType = sourcecode.c.objc; name = CCTransitionRadial.m; path = libs/cocos2d/CCTransitionRadial.m; sourceTree = "<group>"; };
		63BD30E415B136F3009A24AB /* ccTypes.h */ = {isa = PBXFileReference; lastKnownFileType = sourcecode.c.h; name = ccTypes.h; path = libs/cocos2d/ccTypes.h; sourceTree = "<group>"; };
		63BD30E515B136F3009A24AB /* cocos2d.h */ = {isa = PBXFileReference; lastKnownFileType = sourcecode.c.h; name = cocos2d.h; path = libs/cocos2d/cocos2d.h; sourceTree = "<group>"; };
		63BD30E615B136F3009A24AB /* cocos2d.m */ = {isa = PBXFileReference; lastKnownFileType = sourcecode.c.objc; name = cocos2d.m; path = libs/cocos2d/cocos2d.m; sourceTree = "<group>"; };
		63BD30E915B136F3009A24AB /* CCGL.h */ = {isa = PBXFileReference; lastKnownFileType = sourcecode.c.h; name = CCGL.h; path = libs/cocos2d/Platforms/CCGL.h; sourceTree = "<group>"; };
		63BD30EA15B136F3009A24AB /* CCNS.h */ = {isa = PBXFileReference; lastKnownFileType = sourcecode.c.h; name = CCNS.h; path = libs/cocos2d/Platforms/CCNS.h; sourceTree = "<group>"; };
		63BD30EC15B136F3009A24AB /* CCDirectorIOS.h */ = {isa = PBXFileReference; lastKnownFileType = sourcecode.c.h; name = CCDirectorIOS.h; path = libs/cocos2d/Platforms/iOS/CCDirectorIOS.h; sourceTree = "<group>"; };
		63BD30ED15B136F3009A24AB /* CCDirectorIOS.m */ = {isa = PBXFileReference; lastKnownFileType = sourcecode.c.objc; name = CCDirectorIOS.m; path = libs/cocos2d/Platforms/iOS/CCDirectorIOS.m; sourceTree = "<group>"; };
		63BD30EF15B136F3009A24AB /* CCTouchDelegateProtocol.h */ = {isa = PBXFileReference; lastKnownFileType = sourcecode.c.h; name = CCTouchDelegateProtocol.h; path = libs/cocos2d/Platforms/iOS/CCTouchDelegateProtocol.h; sourceTree = "<group>"; };
		63BD30F015B136F3009A24AB /* CCTouchDispatcher.h */ = {isa = PBXFileReference; lastKnownFileType = sourcecode.c.h; name = CCTouchDispatcher.h; path = libs/cocos2d/Platforms/iOS/CCTouchDispatcher.h; sourceTree = "<group>"; };
		63BD30F115B136F3009A24AB /* CCTouchDispatcher.m */ = {isa = PBXFileReference; lastKnownFileType = sourcecode.c.objc; name = CCTouchDispatcher.m; path = libs/cocos2d/Platforms/iOS/CCTouchDispatcher.m; sourceTree = "<group>"; };
		63BD30F315B136F3009A24AB /* CCTouchHandler.h */ = {isa = PBXFileReference; lastKnownFileType = sourcecode.c.h; name = CCTouchHandler.h; path = libs/cocos2d/Platforms/iOS/CCTouchHandler.h; sourceTree = "<group>"; };
		63BD30F415B136F3009A24AB /* CCTouchHandler.m */ = {isa = PBXFileReference; lastKnownFileType = sourcecode.c.objc; name = CCTouchHandler.m; path = libs/cocos2d/Platforms/iOS/CCTouchHandler.m; sourceTree = "<group>"; };
		63BD30F615B136F3009A24AB /* EAGLView.h */ = {isa = PBXFileReference; lastKnownFileType = sourcecode.c.h; name = EAGLView.h; path = libs/cocos2d/Platforms/iOS/EAGLView.h; sourceTree = "<group>"; };
		63BD30F715B136F3009A24AB /* EAGLView.m */ = {isa = PBXFileReference; lastKnownFileType = sourcecode.c.objc; name = EAGLView.m; path = libs/cocos2d/Platforms/iOS/EAGLView.m; sourceTree = "<group>"; };
		63BD30F915B136F3009A24AB /* ES1Renderer.h */ = {isa = PBXFileReference; lastKnownFileType = sourcecode.c.h; name = ES1Renderer.h; path = libs/cocos2d/Platforms/iOS/ES1Renderer.h; sourceTree = "<group>"; };
		63BD30FA15B136F3009A24AB /* ES1Renderer.m */ = {isa = PBXFileReference; lastKnownFileType = sourcecode.c.objc; name = ES1Renderer.m; path = libs/cocos2d/Platforms/iOS/ES1Renderer.m; sourceTree = "<group>"; };
		63BD30FC15B136F3009A24AB /* ESRenderer.h */ = {isa = PBXFileReference; lastKnownFileType = sourcecode.c.h; name = ESRenderer.h; path = libs/cocos2d/Platforms/iOS/ESRenderer.h; sourceTree = "<group>"; };
		63BD30FD15B136F3009A24AB /* glu.c */ = {isa = PBXFileReference; lastKnownFileType = sourcecode.c.c; name = glu.c; path = libs/cocos2d/Platforms/iOS/glu.c; sourceTree = "<group>"; };
		63BD30FF15B136F3009A24AB /* glu.h */ = {isa = PBXFileReference; lastKnownFileType = sourcecode.c.h; name = glu.h; path = libs/cocos2d/Platforms/iOS/glu.h; sourceTree = "<group>"; };
		63BD310115B136F3009A24AB /* CCDirectorMac.h */ = {isa = PBXFileReference; lastKnownFileType = sourcecode.c.h; name = CCDirectorMac.h; path = libs/cocos2d/Platforms/Mac/CCDirectorMac.h; sourceTree = "<group>"; };
		63BD310215B136F3009A24AB /* CCDirectorMac.m */ = {isa = PBXFileReference; lastKnownFileType = sourcecode.c.objc; name = CCDirectorMac.m; path = libs/cocos2d/Platforms/Mac/CCDirectorMac.m; sourceTree = "<group>"; };
		63BD310415B136F3009A24AB /* CCEventDispatcher.h */ = {isa = PBXFileReference; lastKnownFileType = sourcecode.c.h; name = CCEventDispatcher.h; path = libs/cocos2d/Platforms/Mac/CCEventDispatcher.h; sourceTree = "<group>"; };
		63BD310515B136F3009A24AB /* CCEventDispatcher.m */ = {isa = PBXFileReference; lastKnownFileType = sourcecode.c.objc; name = CCEventDispatcher.m; path = libs/cocos2d/Platforms/Mac/CCEventDispatcher.m; sourceTree = "<group>"; };
		63BD310715B136F3009A24AB /* MacGLView.h */ = {isa = PBXFileReference; lastKnownFileType = sourcecode.c.h; name = MacGLView.h; path = libs/cocos2d/Platforms/Mac/MacGLView.h; sourceTree = "<group>"; };
		63BD310815B136F3009A24AB /* MacGLView.m */ = {isa = PBXFileReference; lastKnownFileType = sourcecode.c.objc; name = MacGLView.m; path = libs/cocos2d/Platforms/Mac/MacGLView.m; sourceTree = "<group>"; };
		63BD310A15B136F3009A24AB /* MacWindow.h */ = {isa = PBXFileReference; lastKnownFileType = sourcecode.c.h; name = MacWindow.h; path = libs/cocos2d/Platforms/Mac/MacWindow.h; sourceTree = "<group>"; };
		63BD310B15B136F3009A24AB /* MacWindow.m */ = {isa = PBXFileReference; lastKnownFileType = sourcecode.c.objc; name = MacWindow.m; path = libs/cocos2d/Platforms/Mac/MacWindow.m; sourceTree = "<group>"; };
		63BD310E15B136F3009A24AB /* base64.c */ = {isa = PBXFileReference; lastKnownFileType = sourcecode.c.c; name = base64.c; path = libs/cocos2d/Support/base64.c; sourceTree = "<group>"; };
		63BD311015B136F3009A24AB /* base64.h */ = {isa = PBXFileReference; lastKnownFileType = sourcecode.c.h; name = base64.h; path = libs/cocos2d/Support/base64.h; sourceTree = "<group>"; };
		63BD311115B136F3009A24AB /* CCArray.h */ = {isa = PBXFileReference; lastKnownFileType = sourcecode.c.h; name = CCArray.h; path = libs/cocos2d/Support/CCArray.h; sourceTree = "<group>"; };
		63BD311215B136F3009A24AB /* CCArray.m */ = {isa = PBXFileReference; lastKnownFileType = sourcecode.c.objc; name = CCArray.m; path = libs/cocos2d/Support/CCArray.m; sourceTree = "<group>"; };
		63BD311415B136F3009A24AB /* ccCArray.h */ = {isa = PBXFileReference; lastKnownFileType = sourcecode.c.h; name = ccCArray.h; path = libs/cocos2d/Support/ccCArray.h; sourceTree = "<group>"; };
		63BD311515B136F3009A24AB /* CCFileUtils.h */ = {isa = PBXFileReference; lastKnownFileType = sourcecode.c.h; name = CCFileUtils.h; path = libs/cocos2d/Support/CCFileUtils.h; sourceTree = "<group>"; };
		63BD311615B136F3009A24AB /* CCFileUtils.m */ = {isa = PBXFileReference; lastKnownFileType = sourcecode.c.objc; name = CCFileUtils.m; path = libs/cocos2d/Support/CCFileUtils.m; sourceTree = "<group>"; };
		63BD311815B136F3009A24AB /* CCProfiling.h */ = {isa = PBXFileReference; lastKnownFileType = sourcecode.c.h; name = CCProfiling.h; path = libs/cocos2d/Support/CCProfiling.h; sourceTree = "<group>"; };
		63BD311915B136F3009A24AB /* CCProfiling.m */ = {isa = PBXFileReference; lastKnownFileType = sourcecode.c.objc; name = CCProfiling.m; path = libs/cocos2d/Support/CCProfiling.m; sourceTree = "<group>"; };
		63BD311B15B136F3009A24AB /* ccUtils.c */ = {isa = PBXFileReference; lastKnownFileType = sourcecode.c.c; name = ccUtils.c; path = libs/cocos2d/Support/ccUtils.c; sourceTree = "<group>"; };
		63BD311D15B136F3009A24AB /* ccUtils.h */ = {isa = PBXFileReference; lastKnownFileType = sourcecode.c.h; name = ccUtils.h; path = libs/cocos2d/Support/ccUtils.h; sourceTree = "<group>"; };
		63BD311E15B136F3009A24AB /* CGPointExtension.h */ = {isa = PBXFileReference; lastKnownFileType = sourcecode.c.h; name = CGPointExtension.h; path = libs/cocos2d/Support/CGPointExtension.h; sourceTree = "<group>"; };
		63BD311F15B136F3009A24AB /* CGPointExtension.m */ = {isa = PBXFileReference; lastKnownFileType = sourcecode.c.objc; name = CGPointExtension.m; path = libs/cocos2d/Support/CGPointExtension.m; sourceTree = "<group>"; };
		63BD312115B136F3009A24AB /* OpenGL_Internal.h */ = {isa = PBXFileReference; lastKnownFileType = sourcecode.c.h; name = OpenGL_Internal.h; path = libs/cocos2d/Support/OpenGL_Internal.h; sourceTree = "<group>"; };
		63BD312215B136F3009A24AB /* TGAlib.h */ = {isa = PBXFileReference; lastKnownFileType = sourcecode.c.h; name = TGAlib.h; path = libs/cocos2d/Support/TGAlib.h; sourceTree = "<group>"; };
		63BD312315B136F3009A24AB /* TGAlib.m */ = {isa = PBXFileReference; lastKnownFileType = sourcecode.c.objc; name = TGAlib.m; path = libs/cocos2d/Support/TGAlib.m; sourceTree = "<group>"; };
		63BD312515B136F3009A24AB /* TransformUtils.h */ = {isa = PBXFileReference; lastKnownFileType = sourcecode.c.h; name = TransformUtils.h; path = libs/cocos2d/Support/TransformUtils.h; sourceTree = "<group>"; };
		63BD312615B136F3009A24AB /* TransformUtils.m */ = {isa = PBXFileReference; lastKnownFileType = sourcecode.c.objc; name = TransformUtils.m; path = libs/cocos2d/Support/TransformUtils.m; sourceTree = "<group>"; };
		63BD312815B136F3009A24AB /* uthash.h */ = {isa = PBXFileReference; lastKnownFileType = sourcecode.c.h; name = uthash.h; path = libs/cocos2d/Support/uthash.h; sourceTree = "<group>"; };
		63BD312915B136F3009A24AB /* utlist.h */ = {isa = PBXFileReference; lastKnownFileType = sourcecode.c.h; name = utlist.h; path = libs/cocos2d/Support/utlist.h; sourceTree = "<group>"; };
		63BD312A15B136F3009A24AB /* ZipUtils.h */ = {isa = PBXFileReference; lastKnownFileType = sourcecode.c.h; name = ZipUtils.h; path = libs/cocos2d/Support/ZipUtils.h; sourceTree = "<group>"; };
		63BD312B15B136F3009A24AB /* ZipUtils.m */ = {isa = PBXFileReference; lastKnownFileType = sourcecode.c.objc; name = ZipUtils.m; path = libs/cocos2d/Support/ZipUtils.m; sourceTree = "<group>"; };
		63BD312D15B136F3009A24AB /* LICENSE_cocos2d.txt */ = {isa = PBXFileReference; lastKnownFileType = text; name = LICENSE_cocos2d.txt; path = libs/LICENSE_cocos2d.txt; sourceTree = "<group>"; };
		63BD312F15B136F3009A24AB /* CDAudioManager.h */ = {isa = PBXFileReference; lastKnownFileType = sourcecode.c.h; name = CDAudioManager.h; path = libs/CocosDenshion/CDAudioManager.h; sourceTree = "<group>"; };
		63BD313015B136F3009A24AB /* CDAudioManager.m */ = {isa = PBXFileReference; lastKnownFileType = sourcecode.c.objc; name = CDAudioManager.m; path = libs/CocosDenshion/CDAudioManager.m; sourceTree = "<group>"; };
		63BD313215B136F3009A24AB /* CDConfig.h */ = {isa = PBXFileReference; lastKnownFileType = sourcecode.c.h; name = CDConfig.h; path = libs/CocosDenshion/CDConfig.h; sourceTree = "<group>"; };
		63BD313315B136F3009A24AB /* CDOpenALSupport.h */ = {isa = PBXFileReference; lastKnownFileType = sourcecode.c.h; name = CDOpenALSupport.h; path = libs/CocosDenshion/CDOpenALSupport.h; sourceTree = "<group>"; };
		63BD313415B136F3009A24AB /* CDOpenALSupport.m */ = {isa = PBXFileReference; lastKnownFileType = sourcecode.c.objc; name = CDOpenALSupport.m; path = libs/CocosDenshion/CDOpenALSupport.m; sourceTree = "<group>"; };
		63BD313615B136F3009A24AB /* CocosDenshion.h */ = {isa = PBXFileReference; lastKnownFileType = sourcecode.c.h; name = CocosDenshion.h; path = libs/CocosDenshion/CocosDenshion.h; sourceTree = "<group>"; };
		63BD313715B136F3009A24AB /* CocosDenshion.m */ = {isa = PBXFileReference; lastKnownFileType = sourcecode.c.objc; name = CocosDenshion.m; path = libs/CocosDenshion/CocosDenshion.m; sourceTree = "<group>"; };
		63BD313915B136F3009A24AB /* SimpleAudioEngine.h */ = {isa = PBXFileReference; lastKnownFileType = sourcecode.c.h; name = SimpleAudioEngine.h; path = libs/CocosDenshion/SimpleAudioEngine.h; sourceTree = "<group>"; };
		63BD313A15B136F3009A24AB /* SimpleAudioEngine.m */ = {isa = PBXFileReference; lastKnownFileType = sourcecode.c.objc; name = SimpleAudioEngine.m; path = libs/CocosDenshion/SimpleAudioEngine.m; sourceTree = "<group>"; };
		63BD313C15B136F3009A24AB /* LICENSE_CocosDenshion.txt */ = {isa = PBXFileReference; lastKnownFileType = text; name = LICENSE_CocosDenshion.txt; path = libs/LICENSE_CocosDenshion.txt; sourceTree = "<group>"; };
		63BD313E15B136F3009A24AB /* CLScoreServerPost.h */ = {isa = PBXFileReference; lastKnownFileType = sourcecode.c.h; name = CLScoreServerPost.h; path = libs/cocoslive/CLScoreServerPost.h; sourceTree = "<group>"; };
		63BD313F15B136F3009A24AB /* CLScoreServerPost.m */ = {isa = PBXFileReference; lastKnownFileType = sourcecode.c.objc; name = CLScoreServerPost.m; path = libs/cocoslive/CLScoreServerPost.m; sourceTree = "<group>"; };
		63BD314115B136F3009A24AB /* CLScoreServerRequest.h */ = {isa = PBXFileReference; lastKnownFileType = sourcecode.c.h; name = CLScoreServerRequest.h; path = libs/cocoslive/CLScoreServerRequest.h; sourceTree = "<group>"; };
		63BD314215B136F3009A24AB /* CLScoreServerRequest.m */ = {isa = PBXFileReference; lastKnownFileType = sourcecode.c.objc; name = CLScoreServerRequest.m; path = libs/cocoslive/CLScoreServerRequest.m; sourceTree = "<group>"; };
		63BD314415B136F3009A24AB /* cocoslive.h */ = {isa = PBXFileReference; lastKnownFileType = sourcecode.c.h; name = cocoslive.h; path = libs/cocoslive/cocoslive.h; sourceTree = "<group>"; };
		63BD314515B136F3009A24AB /* cocoslive.m */ = {isa = PBXFileReference; lastKnownFileType = sourcecode.c.objc; name = cocoslive.m; path = libs/cocoslive/cocoslive.m; sourceTree = "<group>"; };
		63BD314715B136F3009A24AB /* LICENSE_TouchJSON.txt */ = {isa = PBXFileReference; lastKnownFileType = text; name = LICENSE_TouchJSON.txt; path = libs/LICENSE_TouchJSON.txt; sourceTree = "<group>"; };
		63BD314915B136F3009A24AB /* CDataScanner.h */ = {isa = PBXFileReference; lastKnownFileType = sourcecode.c.h; name = CDataScanner.h; path = libs/TouchJSON/CDataScanner.h; sourceTree = "<group>"; };
		63BD314A15B136F3009A24AB /* CDataScanner.m */ = {isa = PBXFileReference; lastKnownFileType = sourcecode.c.objc; name = CDataScanner.m; path = libs/TouchJSON/CDataScanner.m; sourceTree = "<group>"; };
		63BD314D15B136F3009A24AB /* CDataScanner_Extensions.h */ = {isa = PBXFileReference; lastKnownFileType = sourcecode.c.h; name = CDataScanner_Extensions.h; path = libs/TouchJSON/Extensions/CDataScanner_Extensions.h; sourceTree = "<group>"; };
		63BD314E15B136F3009A24AB /* CDataScanner_Extensions.m */ = {isa = PBXFileReference; lastKnownFileType = sourcecode.c.objc; name = CDataScanner_Extensions.m; path = libs/TouchJSON/Extensions/CDataScanner_Extensions.m; sourceTree = "<group>"; };
		63BD315015B136F3009A24AB /* NSDictionary_JSONExtensions.h */ = {isa = PBXFileReference; lastKnownFileType = sourcecode.c.h; name = NSDictionary_JSONExtensions.h; path = libs/TouchJSON/Extensions/NSDictionary_JSONExtensions.h; sourceTree = "<group>"; };
		63BD315115B136F3009A24AB /* NSDictionary_JSONExtensions.m */ = {isa = PBXFileReference; lastKnownFileType = sourcecode.c.objc; name = NSDictionary_JSONExtensions.m; path = libs/TouchJSON/Extensions/NSDictionary_JSONExtensions.m; sourceTree = "<group>"; };
		63BD315415B136F3009A24AB /* CJSONDeserializer.h */ = {isa = PBXFileReference; lastKnownFileType = sourcecode.c.h; name = CJSONDeserializer.h; path = libs/TouchJSON/JSON/CJSONDeserializer.h; sourceTree = "<group>"; };
		63BD315515B136F3009A24AB /* CJSONDeserializer.m */ = {isa = PBXFileReference; lastKnownFileType = sourcecode.c.objc; name = CJSONDeserializer.m; path = libs/TouchJSON/JSON/CJSONDeserializer.m; sourceTree = "<group>"; };
		63BD315715B136F3009A24AB /* CJSONScanner.h */ = {isa = PBXFileReference; lastKnownFileType = sourcecode.c.h; name = CJSONScanner.h; path = libs/TouchJSON/JSON/CJSONScanner.h; sourceTree = "<group>"; };
		63BD315815B136F3009A24AB /* CJSONScanner.m */ = {isa = PBXFileReference; lastKnownFileType = sourcecode.c.objc; name = CJSONScanner.m; path = libs/TouchJSON/JSON/CJSONScanner.m; sourceTree = "<group>"; };
		63BD315A15B136F3009A24AB /* CJSONSerializer.h */ = {isa = PBXFileReference; lastKnownFileType = sourcecode.c.h; name = CJSONSerializer.h; path = libs/TouchJSON/JSON/CJSONSerializer.h; sourceTree = "<group>"; };
		63BD315B15B136F3009A24AB /* CJSONSerializer.m */ = {isa = PBXFileReference; lastKnownFileType = sourcecode.c.objc; name = CJSONSerializer.m; path = libs/TouchJSON/JSON/CJSONSerializer.m; sourceTree = "<group>"; };
		63BD315D15B136F3009A24AB /* JSONRepresentation.h */ = {isa = PBXFileReference; lastKnownFileType = sourcecode.c.h; name = JSONRepresentation.h; path = libs/TouchJSON/JSON/JSONRepresentation.h; sourceTree = "<group>"; };
		63BD315F15B136F3009A24AB /* FontLabel.h */ = {isa = PBXFileReference; lastKnownFileType = sourcecode.c.h; name = FontLabel.h; path = libs/FontLabel/FontLabel.h; sourceTree = "<group>"; };
		63BD316015B136F3009A24AB /* FontLabel.m */ = {isa = PBXFileReference; lastKnownFileType = sourcecode.c.objc; name = FontLabel.m; path = libs/FontLabel/FontLabel.m; sourceTree = "<group>"; };
		63BD316215B136F3009A24AB /* FontLabelStringDrawing.h */ = {isa = PBXFileReference; lastKnownFileType = sourcecode.c.h; name = FontLabelStringDrawing.h; path = libs/FontLabel/FontLabelStringDrawing.h; sourceTree = "<group>"; };
		63BD316315B136F3009A24AB /* FontLabelStringDrawing.m */ = {isa = PBXFileReference; lastKnownFileType = sourcecode.c.objc; name = FontLabelStringDrawing.m; path = libs/FontLabel/FontLabelStringDrawing.m; sourceTree = "<group>"; };
		63BD316515B136F3009A24AB /* FontManager.h */ = {isa = PBXFileReference; lastKnownFileType = sourcecode.c.h; name = FontManager.h; path = libs/FontLabel/FontManager.h; sourceTree = "<group>"; };
		63BD316615B136F3009A24AB /* FontManager.m */ = {isa = PBXFileReference; lastKnownFileType = sourcecode.c.objc; name = FontManager.m; path = libs/FontLabel/FontManager.m; sourceTree = "<group>"; };
		63BD316815B136F3009A24AB /* ZAttributedString.h */ = {isa = PBXFileReference; lastKnownFileType = sourcecode.c.h; name = ZAttributedString.h; path = libs/FontLabel/ZAttributedString.h; sourceTree = "<group>"; };
		63BD316915B136F3009A24AB /* ZAttributedString.m */ = {isa = PBXFileReference; lastKnownFileType = sourcecode.c.objc; name = ZAttributedString.m; path = libs/FontLabel/ZAttributedString.m; sourceTree = "<group>"; };
		63BD316B15B136F3009A24AB /* ZAttributedStringPrivate.h */ = {isa = PBXFileReference; lastKnownFileType = sourcecode.c.h; name = ZAttributedStringPrivate.h; path = libs/FontLabel/ZAttributedStringPrivate.h; sourceTree = "<group>"; };
		63BD316C15B136F3009A24AB /* ZFont.h */ = {isa = PBXFileReference; lastKnownFileType = sourcecode.c.h; name = ZFont.h; path = libs/FontLabel/ZFont.h; sourceTree = "<group>"; };
		63BD316D15B136F3009A24AB /* ZFont.m */ = {isa = PBXFileReference; lastKnownFileType = sourcecode.c.objc; name = ZFont.m; path = libs/FontLabel/ZFont.m; sourceTree = "<group>"; };
		63BD316F15B136F3009A24AB /* LICENSE_FontLabel.txt */ = {isa = PBXFileReference; lastKnownFileType = text; name = LICENSE_FontLabel.txt; path = libs/LICENSE_FontLabel.txt; sourceTree = "<group>"; };
		63BD317115B136F3009A24AB /* Prefix.pch */ = {isa = PBXFileReference; lastKnownFileType = sourcecode.c.h; path = Prefix.pch; sourceTree = "<group>"; };
		63BD317215B136F3009A24AB /* main.m */ = {isa = PBXFileReference; lastKnownFileType = sourcecode.c.objc; path = main.m; sourceTree = "<group>"; };
		63BD317415B136F3009A24AB /* AppDelegate.h */ = {isa = PBXFileReference; lastKnownFileType = sourcecode.c.h; path = AppDelegate.h; sourceTree = "<group>"; };
		63BD317515B136F3009A24AB /* AppDelegate.m */ = {isa = PBXFileReference; lastKnownFileType = sourcecode.c.objc; path = AppDelegate.m; sourceTree = "<group>"; };
		63BD317715B136F3009A24AB /* RootViewController.h */ = {isa = PBXFileReference; lastKnownFileType = sourcecode.c.h; path = RootViewController.h; sourceTree = "<group>"; };
		63BD317815B136F3009A24AB /* RootViewController.m */ = {isa = PBXFileReference; lastKnownFileType = sourcecode.c.objc; path = RootViewController.m; sourceTree = "<group>"; };
		63BD317A15B136F3009A24AB /* HelloWorldLayer.h */ = {isa = PBXFileReference; lastKnownFileType = sourcecode.c.h; path = HelloWorldLayer.h; sourceTree = "<group>"; };
		63BD317B15B136F3009A24AB /* HelloWorldLayer.m */ = {isa = PBXFileReference; lastKnownFileType = sourcecode.c.objc; path = HelloWorldLayer.m; sourceTree = "<group>"; };
		63BD317D15B136F3009A24AB /* GameConfig.h */ = {isa = PBXFileReference; lastKnownFileType = sourcecode.c.h; path = GameConfig.h; sourceTree = "<group>"; };
/* End PBXFileReference section */

/* Begin PBXFrameworksBuildPhase section */
		63BD300B15B136F2009A24AB /* Frameworks */ = {
			isa = PBXFrameworksBuildPhase;
			buildActionMask = 2147483647;
			files = (
				63BD301315B136F2009A24AB /* QuartzCore.framework in Frameworks */,
				63BD301515B136F2009A24AB /* OpenGLES.framework in Frameworks */,
				63BD301715B136F2009A24AB /* OpenAL.framework in Frameworks */,
				63BD301915B136F2009A24AB /* AudioToolbox.framework in Frameworks */,
				63BD301B15B136F2009A24AB /* AVFoundation.framework in Frameworks */,
				63BD301D15B136F2009A24AB /* UIKit.framework in Frameworks */,
				63BD301F15B136F2009A24AB /* Foundation.framework in Frameworks */,
				63BD302115B136F2009A24AB /* CoreGraphics.framework in Frameworks */,
			);
			runOnlyForDeploymentPostprocessing = 0;
		};
/* End PBXFrameworksBuildPhase section */

/* Begin PBXGroup section */
		63BD300315B136F2009A24AB = {
			isa = PBXGroup;
			children = (
				63BD302215B136F2009A24AB /* rainbowStar */,
				63BD301115B136F2009A24AB /* Frameworks */,
				63BD300F15B136F2009A24AB /* Products */,
			);
			sourceTree = "<group>";
		};
		63BD300F15B136F2009A24AB /* Products */ = {
			isa = PBXGroup;
			children = (
				63BD300E15B136F2009A24AB /* rainbowStar.app */,
			);
			name = Products;
			sourceTree = "<group>";
		};
		63BD301115B136F2009A24AB /* Frameworks */ = {
			isa = PBXGroup;
			children = (
				63BD301215B136F2009A24AB /* QuartzCore.framework */,
				63BD301415B136F2009A24AB /* OpenGLES.framework */,
				63BD301615B136F2009A24AB /* OpenAL.framework */,
				63BD301815B136F2009A24AB /* AudioToolbox.framework */,
				63BD301A15B136F2009A24AB /* AVFoundation.framework */,
				63BD301C15B136F2009A24AB /* UIKit.framework */,
				63BD301E15B136F2009A24AB /* Foundation.framework */,
				63BD302015B136F2009A24AB /* CoreGraphics.framework */,
			);
			name = Frameworks;
			sourceTree = "<group>";
		};
		63BD302215B136F2009A24AB /* rainbowStar */ = {
			isa = PBXGroup;
			children = (
				63BD317415B136F3009A24AB /* AppDelegate.h */,
				63BD317515B136F3009A24AB /* AppDelegate.m */,
				63BD317715B136F3009A24AB /* RootViewController.h */,
				63BD317815B136F3009A24AB /* RootViewController.m */,
				63BD317A15B136F3009A24AB /* HelloWorldLayer.h */,
				63BD317B15B136F3009A24AB /* HelloWorldLayer.m */,
				63BD317D15B136F3009A24AB /* GameConfig.h */,
				63BD302315B136F2009A24AB /* Resources */,
				63BD303715B136F2009A24AB /* libs */,
				63BD317015B136F3009A24AB /* Supporting Files */,
			);
			path = rainbowStar;
			sourceTree = "<group>";
		};
		63BD302315B136F2009A24AB /* Resources */ = {
			isa = PBXGroup;
			children = (
				63BD302415B136F2009A24AB /* Default.png */,
				63BD302615B136F2009A24AB /* fps_images.png */,
				63BD302815B136F2009A24AB /* Icon-72.png */,
				63BD302A15B136F2009A24AB /* Icon-Small-50.png */,
				63BD302C15B136F2009A24AB /* Icon-Small.png */,
				63BD302E15B136F2009A24AB /* Icon-Small@2x.png */,
				63BD303015B136F2009A24AB /* Icon.png */,
				63BD303215B136F2009A24AB /* Icon@2x.png */,
				63BD303415B136F2009A24AB /* Info.plist */,
				63BD303515B136F2009A24AB /* iTunesArtwork */,
			);
			name = Resources;
			sourceTree = "<group>";
		};
		63BD303715B136F2009A24AB /* libs */ = {
			isa = PBXGroup;
			children = (
				63BD312D15B136F3009A24AB /* LICENSE_cocos2d.txt */,
				63BD313C15B136F3009A24AB /* LICENSE_CocosDenshion.txt */,
				63BD314715B136F3009A24AB /* LICENSE_TouchJSON.txt */,
				63BD316F15B136F3009A24AB /* LICENSE_FontLabel.txt */,
				63BD303815B136F2009A24AB /* cocos2d */,
				63BD312E15B136F3009A24AB /* CocosDenshion */,
				63BD313D15B136F3009A24AB /* cocoslive */,
				63BD314815B136F3009A24AB /* TouchJSON */,
				63BD315E15B136F3009A24AB /* FontLabel */,
			);
			name = libs;
			sourceTree = "<group>";
		};
		63BD303815B136F2009A24AB /* cocos2d */ = {
			isa = PBXGroup;
			children = (
				63BD303915B136F2009A24AB /* CCAction.h */,
				63BD303A15B136F2009A24AB /* CCAction.m */,
				63BD303C15B136F2009A24AB /* CCActionCamera.h */,
				63BD303D15B136F2009A24AB /* CCActionCamera.m */,
				63BD303F15B136F2009A24AB /* CCActionEase.h */,
				63BD304015B136F2009A24AB /* CCActionEase.m */,
				63BD304215B136F2009A24AB /* CCActionGrid.h */,
				63BD304315B136F2009A24AB /* CCActionGrid.m */,
				63BD304515B136F2009A24AB /* CCActionGrid3D.h */,
				63BD304615B136F2009A24AB /* CCActionGrid3D.m */,
				63BD304815B136F2009A24AB /* CCActionInstant.h */,
				63BD304915B136F2009A24AB /* CCActionInstant.m */,
				63BD304B15B136F2009A24AB /* CCActionInterval.h */,
				63BD304C15B136F2009A24AB /* CCActionInterval.m */,
				63BD304E15B136F2009A24AB /* CCActionManager.h */,
				63BD304F15B136F2009A24AB /* CCActionManager.m */,
				63BD305115B136F2009A24AB /* CCActionPageTurn3D.h */,
				63BD305215B136F2009A24AB /* CCActionPageTurn3D.m */,
				63BD305415B136F2009A24AB /* CCActionProgressTimer.h */,
				63BD305515B136F2009A24AB /* CCActionProgressTimer.m */,
				63BD305715B136F2009A24AB /* CCActionTiledGrid.h */,
				63BD305815B136F2009A24AB /* CCActionTiledGrid.m */,
				63BD305A15B136F2009A24AB /* CCActionTween.h */,
				63BD305B15B136F2009A24AB /* CCActionTween.m */,
				63BD305D15B136F2009A24AB /* CCAnimation.h */,
				63BD305E15B136F2009A24AB /* CCAnimation.m */,
				63BD306015B136F2009A24AB /* CCAnimationCache.h */,
				63BD306115B136F2009A24AB /* CCAnimationCache.m */,
				63BD306315B136F2009A24AB /* CCAtlasNode.h */,
				63BD306415B136F2009A24AB /* CCAtlasNode.m */,
				63BD306615B136F2009A24AB /* CCBlockSupport.h */,
				63BD306715B136F2009A24AB /* CCBlockSupport.m */,
				63BD306915B136F2009A24AB /* CCCamera.h */,
				63BD306A15B136F2009A24AB /* CCCamera.m */,
				63BD306C15B136F2009A24AB /* ccConfig.h */,
				63BD306D15B136F2009A24AB /* CCConfiguration.h */,
				63BD306E15B136F2009A24AB /* CCConfiguration.m */,
				63BD307015B136F2009A24AB /* CCDirector.h */,
				63BD307115B136F2009A24AB /* CCDirector.m */,
				63BD307315B136F2009A24AB /* CCDrawingPrimitives.h */,
				63BD307415B136F2009A24AB /* CCDrawingPrimitives.m */,
				63BD307615B136F2009A24AB /* CCGrabber.h */,
				63BD307715B136F2009A24AB /* CCGrabber.m */,
				63BD307915B136F2009A24AB /* CCGrid.h */,
				63BD307A15B136F2009A24AB /* CCGrid.m */,
				63BD307C15B136F2009A24AB /* CCLabelAtlas.h */,
				63BD307D15B136F2009A24AB /* CCLabelAtlas.m */,
				63BD307F15B136F2009A24AB /* CCLabelBMFont.h */,
				63BD308015B136F2009A24AB /* CCLabelBMFont.m */,
				63BD308215B136F2009A24AB /* CCLabelTTF.h */,
				63BD308315B136F2009A24AB /* CCLabelTTF.m */,
				63BD308515B136F2009A24AB /* CCLayer.h */,
				63BD308615B136F2009A24AB /* CCLayer.m */,
				63BD308815B136F2009A24AB /* ccMacros.h */,
				63BD308915B136F2009A24AB /* CCMenu.h */,
				63BD308A15B136F2009A24AB /* CCMenu.m */,
				63BD308C15B136F2009A24AB /* CCMenuItem.h */,
				63BD308D15B136F2009A24AB /* CCMenuItem.m */,
				63BD308F15B136F2009A24AB /* CCMotionStreak.h */,
				63BD309015B136F2009A24AB /* CCMotionStreak.m */,
				63BD309215B136F2009A24AB /* CCNode.h */,
				63BD309315B136F2009A24AB /* CCNode.m */,
				63BD309515B136F2009A24AB /* CCParallaxNode.h */,
				63BD309615B136F2009A24AB /* CCParallaxNode.m */,
				63BD309815B136F2009A24AB /* CCParticleExamples.h */,
				63BD309915B136F2009A24AB /* CCParticleExamples.m */,
				63BD309B15B136F2009A24AB /* CCParticleSystem.h */,
				63BD309C15B136F2009A24AB /* CCParticleSystem.m */,
				63BD309E15B136F2009A24AB /* CCParticleSystemPoint.h */,
				63BD309F15B136F2009A24AB /* CCParticleSystemPoint.m */,
				63BD30A115B136F2009A24AB /* CCParticleSystemQuad.h */,
				63BD30A215B136F2009A24AB /* CCParticleSystemQuad.m */,
				63BD30A415B136F2009A24AB /* CCProgressTimer.h */,
				63BD30A515B136F2009A24AB /* CCProgressTimer.m */,
				63BD30A715B136F2009A24AB /* CCProtocols.h */,
				63BD30A815B136F2009A24AB /* CCRenderTexture.h */,
				63BD30A915B136F2009A24AB /* CCRenderTexture.m */,
				63BD30AB15B136F2009A24AB /* CCRibbon.h */,
				63BD30AC15B136F2009A24AB /* CCRibbon.m */,
				63BD30AE15B136F2009A24AB /* CCScene.h */,
				63BD30AF15B136F2009A24AB /* CCScene.m */,
				63BD30B115B136F2009A24AB /* CCScheduler.h */,
				63BD30B215B136F2009A24AB /* CCScheduler.m */,
				63BD30B415B136F2009A24AB /* CCSprite.h */,
				63BD30B515B136F2009A24AB /* CCSprite.m */,
				63BD30B715B136F2009A24AB /* CCSpriteBatchNode.h */,
				63BD30B815B136F2009A24AB /* CCSpriteBatchNode.m */,
				63BD30BA15B136F2009A24AB /* CCSpriteFrame.h */,
				63BD30BB15B136F2009A24AB /* CCSpriteFrame.m */,
				63BD30BD15B136F2009A24AB /* CCSpriteFrameCache.h */,
				63BD30BE15B136F2009A24AB /* CCSpriteFrameCache.m */,
				63BD30C015B136F2009A24AB /* CCTexture2D.h */,
				63BD30C115B136F2009A24AB /* CCTexture2D.m */,
				63BD30C315B136F2009A24AB /* CCTextureAtlas.h */,
				63BD30C415B136F2009A24AB /* CCTextureAtlas.m */,
				63BD30C615B136F2009A24AB /* CCTextureCache.h */,
				63BD30C715B136F2009A24AB /* CCTextureCache.m */,
				63BD30C915B136F2009A24AB /* CCTexturePVR.h */,
				63BD30CA15B136F2009A24AB /* CCTexturePVR.m */,
				63BD30CC15B136F2009A24AB /* CCTileMapAtlas.h */,
				63BD30CD15B136F3009A24AB /* CCTileMapAtlas.m */,
				63BD30CF15B136F3009A24AB /* CCTMXLayer.h */,
				63BD30D015B136F3009A24AB /* CCTMXLayer.m */,
				63BD30D215B136F3009A24AB /* CCTMXObjectGroup.h */,
				63BD30D315B136F3009A24AB /* CCTMXObjectGroup.m */,
				63BD30D515B136F3009A24AB /* CCTMXTiledMap.h */,
				63BD30D615B136F3009A24AB /* CCTMXTiledMap.m */,
				63BD30D815B136F3009A24AB /* CCTMXXMLParser.h */,
				63BD30D915B136F3009A24AB /* CCTMXXMLParser.m */,
				63BD30DB15B136F3009A24AB /* CCTransition.h */,
				63BD30DC15B136F3009A24AB /* CCTransition.m */,
				63BD30DE15B136F3009A24AB /* CCTransitionPageTurn.h */,
				63BD30DF15B136F3009A24AB /* CCTransitionPageTurn.m */,
				63BD30E115B136F3009A24AB /* CCTransitionRadial.h */,
				63BD30E215B136F3009A24AB /* CCTransitionRadial.m */,
				63BD30E415B136F3009A24AB /* ccTypes.h */,
				63BD30E515B136F3009A24AB /* cocos2d.h */,
				63BD30E615B136F3009A24AB /* cocos2d.m */,
				63BD30E815B136F3009A24AB /* Platforms */,
				63BD310D15B136F3009A24AB /* Support */,
			);
			name = cocos2d;
			sourceTree = "<group>";
		};
		63BD30E815B136F3009A24AB /* Platforms */ = {
			isa = PBXGroup;
			children = (
				63BD30E915B136F3009A24AB /* CCGL.h */,
				63BD30EA15B136F3009A24AB /* CCNS.h */,
				63BD30EB15B136F3009A24AB /* iOS */,
				63BD310015B136F3009A24AB /* Mac */,
			);
			name = Platforms;
			sourceTree = "<group>";
		};
		63BD30EB15B136F3009A24AB /* iOS */ = {
			isa = PBXGroup;
			children = (
				63BD30EC15B136F3009A24AB /* CCDirectorIOS.h */,
				63BD30ED15B136F3009A24AB /* CCDirectorIOS.m */,
				63BD30EF15B136F3009A24AB /* CCTouchDelegateProtocol.h */,
				63BD30F015B136F3009A24AB /* CCTouchDispatcher.h */,
				63BD30F115B136F3009A24AB /* CCTouchDispatcher.m */,
				63BD30F315B136F3009A24AB /* CCTouchHandler.h */,
				63BD30F415B136F3009A24AB /* CCTouchHandler.m */,
				63BD30F615B136F3009A24AB /* EAGLView.h */,
				63BD30F715B136F3009A24AB /* EAGLView.m */,
				63BD30F915B136F3009A24AB /* ES1Renderer.h */,
				63BD30FA15B136F3009A24AB /* ES1Renderer.m */,
				63BD30FC15B136F3009A24AB /* ESRenderer.h */,
				63BD30FD15B136F3009A24AB /* glu.c */,
				63BD30FF15B136F3009A24AB /* glu.h */,
			);
			name = iOS;
			sourceTree = "<group>";
		};
		63BD310015B136F3009A24AB /* Mac */ = {
			isa = PBXGroup;
			children = (
				63BD310115B136F3009A24AB /* CCDirectorMac.h */,
				63BD310215B136F3009A24AB /* CCDirectorMac.m */,
				63BD310415B136F3009A24AB /* CCEventDispatcher.h */,
				63BD310515B136F3009A24AB /* CCEventDispatcher.m */,
				63BD310715B136F3009A24AB /* MacGLView.h */,
				63BD310815B136F3009A24AB /* MacGLView.m */,
				63BD310A15B136F3009A24AB /* MacWindow.h */,
				63BD310B15B136F3009A24AB /* MacWindow.m */,
			);
			name = Mac;
			sourceTree = "<group>";
		};
		63BD310D15B136F3009A24AB /* Support */ = {
			isa = PBXGroup;
			children = (
				63BD310E15B136F3009A24AB /* base64.c */,
				63BD311015B136F3009A24AB /* base64.h */,
				63BD311115B136F3009A24AB /* CCArray.h */,
				63BD311215B136F3009A24AB /* CCArray.m */,
				63BD311415B136F3009A24AB /* ccCArray.h */,
				63BD311515B136F3009A24AB /* CCFileUtils.h */,
				63BD311615B136F3009A24AB /* CCFileUtils.m */,
				63BD311815B136F3009A24AB /* CCProfiling.h */,
				63BD311915B136F3009A24AB /* CCProfiling.m */,
				63BD311B15B136F3009A24AB /* ccUtils.c */,
				63BD311D15B136F3009A24AB /* ccUtils.h */,
				63BD311E15B136F3009A24AB /* CGPointExtension.h */,
				63BD311F15B136F3009A24AB /* CGPointExtension.m */,
				63BD312115B136F3009A24AB /* OpenGL_Internal.h */,
				63BD312215B136F3009A24AB /* TGAlib.h */,
				63BD312315B136F3009A24AB /* TGAlib.m */,
				63BD312515B136F3009A24AB /* TransformUtils.h */,
				63BD312615B136F3009A24AB /* TransformUtils.m */,
				63BD312815B136F3009A24AB /* uthash.h */,
				63BD312915B136F3009A24AB /* utlist.h */,
				63BD312A15B136F3009A24AB /* ZipUtils.h */,
				63BD312B15B136F3009A24AB /* ZipUtils.m */,
			);
			name = Support;
			sourceTree = "<group>";
		};
		63BD312E15B136F3009A24AB /* CocosDenshion */ = {
			isa = PBXGroup;
			children = (
				63BD312F15B136F3009A24AB /* CDAudioManager.h */,
				63BD313015B136F3009A24AB /* CDAudioManager.m */,
				63BD313215B136F3009A24AB /* CDConfig.h */,
				63BD313315B136F3009A24AB /* CDOpenALSupport.h */,
				63BD313415B136F3009A24AB /* CDOpenALSupport.m */,
				63BD313615B136F3009A24AB /* CocosDenshion.h */,
				63BD313715B136F3009A24AB /* CocosDenshion.m */,
				63BD313915B136F3009A24AB /* SimpleAudioEngine.h */,
				63BD313A15B136F3009A24AB /* SimpleAudioEngine.m */,
			);
			name = CocosDenshion;
			sourceTree = "<group>";
		};
		63BD313D15B136F3009A24AB /* cocoslive */ = {
			isa = PBXGroup;
			children = (
				63BD313E15B136F3009A24AB /* CLScoreServerPost.h */,
				63BD313F15B136F3009A24AB /* CLScoreServerPost.m */,
				63BD314115B136F3009A24AB /* CLScoreServerRequest.h */,
				63BD314215B136F3009A24AB /* CLScoreServerRequest.m */,
				63BD314415B136F3009A24AB /* cocoslive.h */,
				63BD314515B136F3009A24AB /* cocoslive.m */,
			);
			name = cocoslive;
			sourceTree = "<group>";
		};
		63BD314815B136F3009A24AB /* TouchJSON */ = {
			isa = PBXGroup;
			children = (
				63BD314915B136F3009A24AB /* CDataScanner.h */,
				63BD314A15B136F3009A24AB /* CDataScanner.m */,
				63BD314C15B136F3009A24AB /* Extensions */,
				63BD315315B136F3009A24AB /* JSON */,
			);
			name = TouchJSON;
			sourceTree = "<group>";
		};
		63BD314C15B136F3009A24AB /* Extensions */ = {
			isa = PBXGroup;
			children = (
				63BD314D15B136F3009A24AB /* CDataScanner_Extensions.h */,
				63BD314E15B136F3009A24AB /* CDataScanner_Extensions.m */,
				63BD315015B136F3009A24AB /* NSDictionary_JSONExtensions.h */,
				63BD315115B136F3009A24AB /* NSDictionary_JSONExtensions.m */,
			);
			name = Extensions;
			sourceTree = "<group>";
		};
		63BD315315B136F3009A24AB /* JSON */ = {
			isa = PBXGroup;
			children = (
				63BD315415B136F3009A24AB /* CJSONDeserializer.h */,
				63BD315515B136F3009A24AB /* CJSONDeserializer.m */,
				63BD315715B136F3009A24AB /* CJSONScanner.h */,
				63BD315815B136F3009A24AB /* CJSONScanner.m */,
				63BD315A15B136F3009A24AB /* CJSONSerializer.h */,
				63BD315B15B136F3009A24AB /* CJSONSerializer.m */,
				63BD315D15B136F3009A24AB /* JSONRepresentation.h */,
			);
			name = JSON;
			sourceTree = "<group>";
		};
		63BD315E15B136F3009A24AB /* FontLabel */ = {
			isa = PBXGroup;
			children = (
				63BD315F15B136F3009A24AB /* FontLabel.h */,
				63BD316015B136F3009A24AB /* FontLabel.m */,
				63BD316215B136F3009A24AB /* FontLabelStringDrawing.h */,
				63BD316315B136F3009A24AB /* FontLabelStringDrawing.m */,
				63BD316515B136F3009A24AB /* FontManager.h */,
				63BD316615B136F3009A24AB /* FontManager.m */,
				63BD316815B136F3009A24AB /* ZAttributedString.h */,
				63BD316915B136F3009A24AB /* ZAttributedString.m */,
				63BD316B15B136F3009A24AB /* ZAttributedStringPrivate.h */,
				63BD316C15B136F3009A24AB /* ZFont.h */,
				63BD316D15B136F3009A24AB /* ZFont.m */,
			);
			name = FontLabel;
			sourceTree = "<group>";
		};
		63BD317015B136F3009A24AB /* Supporting Files */ = {
			isa = PBXGroup;
			children = (
				63BD317115B136F3009A24AB /* Prefix.pch */,
				63BD317215B136F3009A24AB /* main.m */,
			);
			name = "Supporting Files";
			sourceTree = "<group>";
		};
/* End PBXGroup section */

/* Begin PBXNativeTarget section */
		63BD300D15B136F2009A24AB /* rainbowStar */ = {
			isa = PBXNativeTarget;
			buildConfigurationList = 63BD318015B136F3009A24AB /* Build configuration list for PBXNativeTarget "rainbowStar" */;
			buildPhases = (
				63BD300A15B136F2009A24AB /* Sources */,
				63BD300B15B136F2009A24AB /* Frameworks */,
				63BD300C15B136F2009A24AB /* Resources */,
			);
			buildRules = (
			);
			dependencies = (
			);
			name = rainbowStar;
			productName = rainbowStar;
			productReference = 63BD300E15B136F2009A24AB /* rainbowStar.app */;
			productType = "com.apple.product-type.application";
		};
/* End PBXNativeTarget section */

/* Begin PBXProject section */
		63BD300515B136F2009A24AB /* Project object */ = {
			isa = PBXProject;
			attributes = {
				LastUpgradeCheck = 0430;
			};
			buildConfigurationList = 63BD300815B136F2009A24AB /* Build configuration list for PBXProject "rainbowStar" */;
			compatibilityVersion = "Xcode 3.2";
			developmentRegion = English;
			hasScannedForEncodings = 0;
			knownRegions = (
				en,
			);
			mainGroup = 63BD300315B136F2009A24AB;
			productRefGroup = 63BD300F15B136F2009A24AB /* Products */;
			projectDirPath = "";
			projectRoot = "";
			targets = (
				63BD300D15B136F2009A24AB /* rainbowStar */,
			);
		};
/* End PBXProject section */

/* Begin PBXResourcesBuildPhase section */
		63BD300C15B136F2009A24AB /* Resources */ = {
			isa = PBXResourcesBuildPhase;
			buildActionMask = 2147483647;
			files = (
				63BD302515B136F2009A24AB /* Default.png in Resources */,
				63BD302715B136F2009A24AB /* fps_images.png in Resources */,
				63BD302915B136F2009A24AB /* Icon-72.png in Resources */,
				63BD302B15B136F2009A24AB /* Icon-Small-50.png in Resources */,
				63BD302D15B136F2009A24AB /* Icon-Small.png in Resources */,
				63BD302F15B136F2009A24AB /* Icon-Small@2x.png in Resources */,
				63BD303115B136F2009A24AB /* Icon.png in Resources */,
				63BD303315B136F2009A24AB /* Icon@2x.png in Resources */,
				63BD303615B136F2009A24AB /* iTunesArtwork in Resources */,
			);
			runOnlyForDeploymentPostprocessing = 0;
		};
/* End PBXResourcesBuildPhase section */

/* Begin PBXSourcesBuildPhase section */
		63BD300A15B136F2009A24AB /* Sources */ = {
			isa = PBXSourcesBuildPhase;
			buildActionMask = 2147483647;
			files = (
				63BD303B15B136F2009A24AB /* CCAction.m in Sources */,
				63BD303E15B136F2009A24AB /* CCActionCamera.m in Sources */,
				63BD304115B136F2009A24AB /* CCActionEase.m in Sources */,
				63BD304415B136F2009A24AB /* CCActionGrid.m in Sources */,
				63BD304715B136F2009A24AB /* CCActionGrid3D.m in Sources */,
				63BD304A15B136F2009A24AB /* CCActionInstant.m in Sources */,
				63BD304D15B136F2009A24AB /* CCActionInterval.m in Sources */,
				63BD305015B136F2009A24AB /* CCActionManager.m in Sources */,
				63BD305315B136F2009A24AB /* CCActionPageTurn3D.m in Sources */,
				63BD305615B136F2009A24AB /* CCActionProgressTimer.m in Sources */,
				63BD305915B136F2009A24AB /* CCActionTiledGrid.m in Sources */,
				63BD305C15B136F2009A24AB /* CCActionTween.m in Sources */,
				63BD305F15B136F2009A24AB /* CCAnimation.m in Sources */,
				63BD306215B136F2009A24AB /* CCAnimationCache.m in Sources */,
				63BD306515B136F2009A24AB /* CCAtlasNode.m in Sources */,
				63BD306815B136F2009A24AB /* CCBlockSupport.m in Sources */,
				63BD306B15B136F2009A24AB /* CCCamera.m in Sources */,
				63BD306F15B136F2009A24AB /* CCConfiguration.m in Sources */,
				63BD307215B136F2009A24AB /* CCDirector.m in Sources */,
				63BD307515B136F2009A24AB /* CCDrawingPrimitives.m in Sources */,
				63BD307815B136F2009A24AB /* CCGrabber.m in Sources */,
				63BD307B15B136F2009A24AB /* CCGrid.m in Sources */,
				63BD307E15B136F2009A24AB /* CCLabelAtlas.m in Sources */,
				63BD308115B136F2009A24AB /* CCLabelBMFont.m in Sources */,
				63BD308415B136F2009A24AB /* CCLabelTTF.m in Sources */,
				63BD308715B136F2009A24AB /* CCLayer.m in Sources */,
				63BD308B15B136F2009A24AB /* CCMenu.m in Sources */,
				63BD308E15B136F2009A24AB /* CCMenuItem.m in Sources */,
				63BD309115B136F2009A24AB /* CCMotionStreak.m in Sources */,
				63BD309415B136F2009A24AB /* CCNode.m in Sources */,
				63BD309715B136F2009A24AB /* CCParallaxNode.m in Sources */,
				63BD309A15B136F2009A24AB /* CCParticleExamples.m in Sources */,
				63BD309D15B136F2009A24AB /* CCParticleSystem.m in Sources */,
				63BD30A015B136F2009A24AB /* CCParticleSystemPoint.m in Sources */,
				63BD30A315B136F2009A24AB /* CCParticleSystemQuad.m in Sources */,
				63BD30A615B136F2009A24AB /* CCProgressTimer.m in Sources */,
				63BD30AA15B136F2009A24AB /* CCRenderTexture.m in Sources */,
				63BD30AD15B136F2009A24AB /* CCRibbon.m in Sources */,
				63BD30B015B136F2009A24AB /* CCScene.m in Sources */,
				63BD30B315B136F2009A24AB /* CCScheduler.m in Sources */,
				63BD30B615B136F2009A24AB /* CCSprite.m in Sources */,
				63BD30B915B136F2009A24AB /* CCSpriteBatchNode.m in Sources */,
				63BD30BC15B136F2009A24AB /* CCSpriteFrame.m in Sources */,
				63BD30BF15B136F2009A24AB /* CCSpriteFrameCache.m in Sources */,
				63BD30C215B136F2009A24AB /* CCTexture2D.m in Sources */,
				63BD30C515B136F2009A24AB /* CCTextureAtlas.m in Sources */,
				63BD30C815B136F2009A24AB /* CCTextureCache.m in Sources */,
				63BD30CB15B136F2009A24AB /* CCTexturePVR.m in Sources */,
				63BD30CE15B136F3009A24AB /* CCTileMapAtlas.m in Sources */,
				63BD30D115B136F3009A24AB /* CCTMXLayer.m in Sources */,
				63BD30D415B136F3009A24AB /* CCTMXObjectGroup.m in Sources */,
				63BD30D715B136F3009A24AB /* CCTMXTiledMap.m in Sources */,
				63BD30DA15B136F3009A24AB /* CCTMXXMLParser.m in Sources */,
				63BD30DD15B136F3009A24AB /* CCTransition.m in Sources */,
				63BD30E015B136F3009A24AB /* CCTransitionPageTurn.m in Sources */,
				63BD30E315B136F3009A24AB /* CCTransitionRadial.m in Sources */,
				63BD30E715B136F3009A24AB /* cocos2d.m in Sources */,
				63BD30EE15B136F3009A24AB /* CCDirectorIOS.m in Sources */,
				63BD30F215B136F3009A24AB /* CCTouchDispatcher.m in Sources */,
				63BD30F515B136F3009A24AB /* CCTouchHandler.m in Sources */,
				63BD30F815B136F3009A24AB /* EAGLView.m in Sources */,
				63BD30FB15B136F3009A24AB /* ES1Renderer.m in Sources */,
				63BD30FE15B136F3009A24AB /* glu.c in Sources */,
				63BD310315B136F3009A24AB /* CCDirectorMac.m in Sources */,
				63BD310615B136F3009A24AB /* CCEventDispatcher.m in Sources */,
				63BD310915B136F3009A24AB /* MacGLView.m in Sources */,
				63BD310C15B136F3009A24AB /* MacWindow.m in Sources */,
				63BD310F15B136F3009A24AB /* base64.c in Sources */,
				63BD311315B136F3009A24AB /* CCArray.m in Sources */,
				63BD311715B136F3009A24AB /* CCFileUtils.m in Sources */,
				63BD311A15B136F3009A24AB /* CCProfiling.m in Sources */,
				63BD311C15B136F3009A24AB /* ccUtils.c in Sources */,
				63BD312015B136F3009A24AB /* CGPointExtension.m in Sources */,
				63BD312415B136F3009A24AB /* TGAlib.m in Sources */,
				63BD312715B136F3009A24AB /* TransformUtils.m in Sources */,
				63BD312C15B136F3009A24AB /* ZipUtils.m in Sources */,
				63BD313115B136F3009A24AB /* CDAudioManager.m in Sources */,
				63BD313515B136F3009A24AB /* CDOpenALSupport.m in Sources */,
				63BD313815B136F3009A24AB /* CocosDenshion.m in Sources */,
				63BD313B15B136F3009A24AB /* SimpleAudioEngine.m in Sources */,
				63BD314015B136F3009A24AB /* CLScoreServerPost.m in Sources */,
				63BD314315B136F3009A24AB /* CLScoreServerRequest.m in Sources */,
				63BD314615B136F3009A24AB /* cocoslive.m in Sources */,
				63BD314B15B136F3009A24AB /* CDataScanner.m in Sources */,
				63BD314F15B136F3009A24AB /* CDataScanner_Extensions.m in Sources */,
				63BD315215B136F3009A24AB /* NSDictionary_JSONExtensions.m in Sources */,
				63BD315615B136F3009A24AB /* CJSONDeserializer.m in Sources */,
				63BD315915B136F3009A24AB /* CJSONScanner.m in Sources */,
				63BD315C15B136F3009A24AB /* CJSONSerializer.m in Sources */,
				63BD316115B136F3009A24AB /* FontLabel.m in Sources */,
				63BD316415B136F3009A24AB /* FontLabelStringDrawing.m in Sources */,
				63BD316715B136F3009A24AB /* FontManager.m in Sources */,
				63BD316A15B136F3009A24AB /* ZAttributedString.m in Sources */,
				63BD316E15B136F3009A24AB /* ZFont.m in Sources */,
				63BD317315B136F3009A24AB /* main.m in Sources */,
				63BD317615B136F3009A24AB /* AppDelegate.m in Sources */,
				63BD317915B136F3009A24AB /* RootViewController.m in Sources */,
				63BD317C15B136F3009A24AB /* HelloWorldLayer.m in Sources */,
			);
			runOnlyForDeploymentPostprocessing = 0;
		};
/* End PBXSourcesBuildPhase section */

/* Begin XCBuildConfiguration section */
		63BD317E15B136F3009A24AB /* Debug */ = {
			isa = XCBuildConfiguration;
			buildSettings = {
				ARCHS = "$(ARCHS_STANDARD_32_BIT)";
				"CODE_SIGN_IDENTITY[sdk=iphoneos*]" = "iPhone Developer";
				GCC_C_LANGUAGE_STANDARD = gnu99;
				GCC_OPTIMIZATION_LEVEL = 0;
				GCC_PREPROCESSOR_DEFINITIONS = (
					DEBUG,
					"COCOS2D_DEBUG=1",
				);
				GCC_SYMBOLS_PRIVATE_EXTERN = NO;
				GCC_VERSION = com.apple.compilers.llvmgcc42;
				GCC_WARN_ABOUT_RETURN_TYPE = YES;
				GCC_WARN_UNUSED_VARIABLE = YES;
				IPHONEOS_DEPLOYMENT_TARGET = 5.1;
				SDKROOT = iphoneos;
			};
			name = Debug;
		};
		63BD317F15B136F3009A24AB /* Release */ = {
			isa = XCBuildConfiguration;
			buildSettings = {
				ARCHS = "$(ARCHS_STANDARD_32_BIT)";
				"CODE_SIGN_IDENTITY[sdk=iphoneos*]" = "iPhone Developer";
				GCC_C_LANGUAGE_STANDARD = gnu99;
				GCC_PREPROCESSOR_DEFINITIONS = NDEBUG;
				GCC_VERSION = com.apple.compilers.llvmgcc42;
				GCC_WARN_ABOUT_RETURN_TYPE = YES;
				GCC_WARN_UNUSED_VARIABLE = YES;
				IPHONEOS_DEPLOYMENT_TARGET = 5.1;
				OTHER_CFLAGS = "-DNS_BLOCK_ASSERTIONS=1";
				SDKROOT = iphoneos;
			};
			name = Release;
		};
		63BD318115B136F3009A24AB /* Debug */ = {
			isa = XCBuildConfiguration;
			buildSettings = {
				ALWAYS_SEARCH_USER_PATHS = NO;
				COPY_PHASE_STRIP = NO;
				GCC_DYNAMIC_NO_PIC = NO;
				GCC_PRECOMPILE_PREFIX_HEADER = YES;
				GCC_PREFIX_HEADER = rainbowStar/Prefix.pch;
				"GCC_THUMB_SUPPORT[arch=armv6]" = "";
				GCC_VERSION = com.apple.compilers.llvm.clang.1_0;
				INFOPLIST_FILE = rainbowStar/Resources/Info.plist;
				OTHER_LDFLAGS = "-lz";
				PRODUCT_NAME = "$(TARGET_NAME)";
				WRAPPER_EXTENSION = app;
			};
			name = Debug;
		};
		63BD318215B136F3009A24AB /* Release */ = {
			isa = XCBuildConfiguration;
			buildSettings = {
				ALWAYS_SEARCH_USER_PATHS = NO;
				COPY_PHASE_STRIP = YES;
				GCC_PRECOMPILE_PREFIX_HEADER = YES;
				GCC_PREFIX_HEADER = rainbowStar/Prefix.pch;
				"GCC_THUMB_SUPPORT[arch=armv6]" = "";
				GCC_VERSION = com.apple.compilers.llvm.clang.1_0;
				INFOPLIST_FILE = rainbowStar/Resources/Info.plist;
				OTHER_LDFLAGS = "-lz";
				PRODUCT_NAME = "$(TARGET_NAME)";
				VALIDATE_PRODUCT = YES;
				WRAPPER_EXTENSION = app;
			};
			name = Release;
		};
/* End XCBuildConfiguration section */

/* Begin XCConfigurationList section */
		63BD300815B136F2009A24AB /* Build configuration list for PBXProject "rainbowStar" */ = {
			isa = XCConfigurationList;
			buildConfigurations = (
				63BD317E15B136F3009A24AB /* Debug */,
				63BD317F15B136F3009A24AB /* Release */,
			);
			defaultConfigurationIsVisible = 0;
			defaultConfigurationName = Release;
		};
		63BD318015B136F3009A24AB /* Build configuration list for PBXNativeTarget "rainbowStar" */ = {
			isa = XCConfigurationList;
			buildConfigurations = (
				63BD318115B136F3009A24AB /* Debug */,
				63BD318215B136F3009A24AB /* Release */,
			);
			defaultConfigurationIsVisible = 0;
		};
/* End XCConfigurationList section */
	};
	rootObject = 63BD300515B136F2009A24AB /* Project object */;
}
